// !$*UTF8*$!
{
	archiveVersion = 1;
	classes = {
	};
	objectVersion = 56;
	objects = {

/* Begin PBXBuildFile section */
		100519452AA4209400C25AF6 /* ImageInspector.swift in Sources */ = {isa = PBXBuildFile; fileRef = 100519442AA4209400C25AF6 /* ImageInspector.swift */; };
		1005194A2AA421AC00C25AF6 /* FileMetadataInspectorPane.swift in Sources */ = {isa = PBXBuildFile; fileRef = 100519492AA421AC00C25AF6 /* FileMetadataInspectorPane.swift */; };
		1005194D2AA4267B00C25AF6 /* FileMetadata.swift in Sources */ = {isa = PBXBuildFile; fileRef = 1005194C2AA425E800C25AF6 /* FileMetadata.swift */; };
		1005194F2AA42C6F00C25AF6 /* File+Rotation.swift in Sources */ = {isa = PBXBuildFile; fileRef = 1005194E2AA42C6F00C25AF6 /* File+Rotation.swift */; };
		100577492A7DF3AF000B0D2B /* FileTable.swift in Sources */ = {isa = PBXBuildFile; fileRef = 100577482A7DF3AF000B0D2B /* FileTable.swift */; };
		100AC9892A6B6F60009E6CBA /* FileImportControllerTests.swift in Sources */ = {isa = PBXBuildFile; fileRef = 100AC9882A6B6F60009E6CBA /* FileImportControllerTests.swift */; };
		100AC98B2A6BEEF0009E6CBA /* 20230629 in Resources */ = {isa = PBXBuildFile; fileRef = 100AC98A2A6BEEE5009E6CBA /* 20230629 */; };
		100AC98D2A6BEF57009E6CBA /* ImportTests.swift in Sources */ = {isa = PBXBuildFile; fileRef = 100AC98C2A6BEF57009E6CBA /* ImportTests.swift */; };
		100AC9902A6BF388009E6CBA /* Date+FITSTests.swift in Sources */ = {isa = PBXBuildFile; fileRef = 108DD7EF2A5AA907002A7549 /* Date+FITSTests.swift */; };
		100AC9922A6BF399009E6CBA /* Date+SessionTests.swift in Sources */ = {isa = PBXBuildFile; fileRef = 1038709A2A5E24F200064EF1 /* Date+SessionTests.swift */; };
		100D900B2AE48D2200B2F648 /* CalibrationSessionListFilterView.swift in Sources */ = {isa = PBXBuildFile; fileRef = 100D900A2AE48D2200B2F648 /* CalibrationSessionListFilterView.swift */; };
		100D900D2AE4A39900B2F648 /* CalibrationSessionListSessionView.swift in Sources */ = {isa = PBXBuildFile; fileRef = 100D900C2AE4A39900B2F648 /* CalibrationSessionListSessionView.swift */; };
		100D90102AF2084800B2F648 /* ImageProcessorContentView.swift in Sources */ = {isa = PBXBuildFile; fileRef = 100D900F2AF2084800B2F648 /* ImageProcessorContentView.swift */; };
		100D90142AF209E300B2F648 /* StackingOperation.swift in Sources */ = {isa = PBXBuildFile; fileRef = 100D90132AF209E300B2F648 /* StackingOperation.swift */; };
		100D90162AF20A2B00B2F648 /* CombinedProcessingOperation.swift in Sources */ = {isa = PBXBuildFile; fileRef = 100D90152AF20A2B00B2F648 /* CombinedProcessingOperation.swift */; };
		10148DF32B083EEC00C4C051 /* PixInsightRegistrationOperation.swift in Sources */ = {isa = PBXBuildFile; fileRef = 10148DF22B083EEC00C4C051 /* PixInsightRegistrationOperation.swift */; };
		10148DF52B08428A00C4C051 /* PixInsightRegistrationScriptTemplate.js in Resources */ = {isa = PBXBuildFile; fileRef = 10148DF42B08428A00C4C051 /* PixInsightRegistrationScriptTemplate.js */; };
		101A382E2AC8DFB7008DBB4C /* CalibrationSessionView.swift in Sources */ = {isa = PBXBuildFile; fileRef = 101A382D2AC8DFB7008DBB4C /* CalibrationSessionView.swift */; };
		101A38302AC8DFC1008DBB4C /* CalibrationSessionFilterView.swift in Sources */ = {isa = PBXBuildFile; fileRef = 101A382F2AC8DFC1008DBB4C /* CalibrationSessionFilterView.swift */; };
		101A38322AC8E1D3008DBB4C /* CalibrationSessionFilterFlatView.swift in Sources */ = {isa = PBXBuildFile; fileRef = 101A38312AC8E1D3008DBB4C /* CalibrationSessionFilterFlatView.swift */; };
		101A38342AC8E217008DBB4C /* CalibrationSessionFilterLightView.swift in Sources */ = {isa = PBXBuildFile; fileRef = 101A38332AC8E217008DBB4C /* CalibrationSessionFilterLightView.swift */; };
		102D542E2A63FAF300389791 /* FileBrowser.swift in Sources */ = {isa = PBXBuildFile; fileRef = 102D542D2A63FAF300389791 /* FileBrowser.swift */; };
		103870992A5E246800064EF1 /* Date+Session.swift in Sources */ = {isa = PBXBuildFile; fileRef = 103870982A5E246800064EF1 /* Date+Session.swift */; };
		1038709D2A5E4F4100064EF1 /* SessionView.swift in Sources */ = {isa = PBXBuildFile; fileRef = 1038709C2A5E4F4100064EF1 /* SessionView.swift */; };
		1038709F2A5E4F8000064EF1 /* Session+PreviewProvider.swift in Sources */ = {isa = PBXBuildFile; fileRef = 1038709E2A5E4F8000064EF1 /* Session+PreviewProvider.swift */; };
		103B8A622A65F44500B526C7 /* CGImage+Resize.swift in Sources */ = {isa = PBXBuildFile; fileRef = 103B8A612A65F44500B526C7 /* CGImage+Resize.swift */; };
		103B8A642A65F4A600B526C7 /* CGImage+Filter.swift in Sources */ = {isa = PBXBuildFile; fileRef = 103B8A632A65F4A600B526C7 /* CGImage+Filter.swift */; };
		103CF3222A8C3D5D0051F593 /* StarRectsView.swift in Sources */ = {isa = PBXBuildFile; fileRef = 103CF3212A8C3D5D0051F593 /* StarRectsView.swift */; };
		103D6CAE2B098D34006F9806 /* TargetExportController+Tests.swift in Sources */ = {isa = PBXBuildFile; fileRef = 103D6CAD2B098D34006F9806 /* TargetExportController+Tests.swift */; };
		103D6CBA2B099CCE006F9806 /* PixInsightLightsIntegrationScriptTemplate.js in Resources */ = {isa = PBXBuildFile; fileRef = 103D6CB92B099CCE006F9806 /* PixInsightLightsIntegrationScriptTemplate.js */; };
		103E22562AA2BF7B00B35FA6 /* StretchFilter.swift in Sources */ = {isa = PBXBuildFile; fileRef = 103E22552AA2BF7B00B35FA6 /* StretchFilter.swift */; };
		103E22582AA2BF8400B35FA6 /* Stretch.metal in Sources */ = {isa = PBXBuildFile; fileRef = 103E22572AA2BF8400B35FA6 /* Stretch.metal */; };
		105B76E62B11526F00B3D069 /* URL+Documents.swift in Sources */ = {isa = PBXBuildFile; fileRef = 105B76E52B11526F00B3D069 /* URL+Documents.swift */; };
		105B76EA2B11B70300B3D069 /* PixInsightInstance.swift in Sources */ = {isa = PBXBuildFile; fileRef = 105B76E92B11B70300B3D069 /* PixInsightInstance.swift */; };
		105B76EC2B11F63100B3D069 /* TargetListItem.swift in Sources */ = {isa = PBXBuildFile; fileRef = 105B76EB2B11F63100B3D069 /* TargetListItem.swift */; };
		1062D76A2A981BD100466086 /* File+RegionTests.swift in Sources */ = {isa = PBXBuildFile; fileRef = 1062D7692A981B2300466086 /* File+RegionTests.swift */; };
		106BD33F2A6CCF9A00DE947D /* FIlteredImage.swift in Sources */ = {isa = PBXBuildFile; fileRef = 106BD33E2A6CCF9A00DE947D /* FIlteredImage.swift */; };
		106D0FA72A7DE3C0003015EA /* FileListModePicker.swift in Sources */ = {isa = PBXBuildFile; fileRef = 106D0FA62A7DE3C0003015EA /* FileListModePicker.swift */; };
		107145002B004CA00049E580 /* ExternalProcessor.swift in Sources */ = {isa = PBXBuildFile; fileRef = 107144FF2B004CA00049E580 /* ExternalProcessor.swift */; };
		107145032B004CB90049E580 /* PixInsightProcessor.swift in Sources */ = {isa = PBXBuildFile; fileRef = 107145022B004CB90049E580 /* PixInsightProcessor.swift */; };
		107145072B004D0B0049E580 /* ExternalProcessingOperation.swift in Sources */ = {isa = PBXBuildFile; fileRef = 107145062B004D0B0049E580 /* ExternalProcessingOperation.swift */; };
		107145092B004D2C0049E580 /* PixInsightIntegrationOperation.swift in Sources */ = {isa = PBXBuildFile; fileRef = 107145082B004D2C0049E580 /* PixInsightIntegrationOperation.swift */; };
		1071450B2B004DED0049E580 /* ExternalProcessingOperationQueue.swift in Sources */ = {isa = PBXBuildFile; fileRef = 1071450A2B004DED0049E580 /* ExternalProcessingOperationQueue.swift */; };
		1071450D2B004FEF0049E580 /* PixInsightScript.swift in Sources */ = {isa = PBXBuildFile; fileRef = 1071450C2B004FEF0049E580 /* PixInsightScript.swift */; };
		1071450F2B0054380049E580 /* PixInsightFlatsIntegrationScriptTemplate.js in Resources */ = {isa = PBXBuildFile; fileRef = 1071450E2B0054380049E580 /* PixInsightFlatsIntegrationScriptTemplate.js */; };
		107145132B005CCB0049E580 /* TargetBatch.swift in Sources */ = {isa = PBXBuildFile; fileRef = 107145122B005CCB0049E580 /* TargetBatch.swift */; };
		107145172B006B370049E580 /* PixInsightCalibrationOperation.swift in Sources */ = {isa = PBXBuildFile; fileRef = 107145162B006B370049E580 /* PixInsightCalibrationOperation.swift */; };
		107145192B006B4A0049E580 /* PixInsightCalibrationScriptTemplate.js in Resources */ = {isa = PBXBuildFile; fileRef = 107145182B006B4A0049E580 /* PixInsightCalibrationScriptTemplate.js */; };
		1071451B2B01AC340049E580 /* TargetExportOperation.swift in Sources */ = {isa = PBXBuildFile; fileRef = 1071451A2B01AC340049E580 /* TargetExportOperation.swift */; };
		1075E0D02A7F30D100AF344A /* FileApproval.swift in Sources */ = {isa = PBXBuildFile; fileRef = 1075E0CF2A7F30D100AF344A /* FileApproval.swift */; };
		1089AA622AB53B78007D4E6B /* TargetExportController.swift in Sources */ = {isa = PBXBuildFile; fileRef = 1089AA612AB53B78007D4E6B /* TargetExportController.swift */; };
		1089AA652AB6843D007D4E6B /* CalibrationView.swift in Sources */ = {isa = PBXBuildFile; fileRef = 1089AA642AB6843D007D4E6B /* CalibrationView.swift */; };
		108DD7EE2A5AA8F3002A7549 /* Date+FITS.swift in Sources */ = {isa = PBXBuildFile; fileRef = 108DD7ED2A5AA8F3002A7549 /* Date+FITS.swift */; };
		108F82242A60DB5E00061511 /* TargetView.swift in Sources */ = {isa = PBXBuildFile; fileRef = 108F82232A60DB5E00061511 /* TargetView.swift */; };
		108F82262A60DE0000061511 /* FileViewer.swift in Sources */ = {isa = PBXBuildFile; fileRef = 108F82252A60DE0000061511 /* FileViewer.swift */; };
		108F822A2A61557600061511 /* CGImage+Format.swift in Sources */ = {isa = PBXBuildFile; fileRef = 108F82292A61557600061511 /* CGImage+Format.swift */; };
		10903D5A2ABFCD4F00065842 /* Filter.swift in Sources */ = {isa = PBXBuildFile; fileRef = 10903D592ABFCCA500065842 /* Filter.swift */; };
		1092FB292AB68B1700CD69BD /* CalibrationSessionList.swift in Sources */ = {isa = PBXBuildFile; fileRef = 1092FB282AB68B1700CD69BD /* CalibrationSessionList.swift */; };
		1096BDF02A9AD3E500420F4C /* FileProcessOperation.swift in Sources */ = {isa = PBXBuildFile; fileRef = 1096BDEF2A9AD3E500420F4C /* FileProcessOperation.swift */; };
		1096BDF22A9AD48900420F4C /* FileProcessController.swift in Sources */ = {isa = PBXBuildFile; fileRef = 1096BDF12A9AD48900420F4C /* FileProcessController.swift */; };
		109D2DC62A5AC47D0024BBBD /* FITSFile.swift in Sources */ = {isa = PBXBuildFile; fileRef = 109D2DC52A5AC47D0024BBBD /* FITSFile.swift */; };
		109D2DC82A5AC5430024BBBD /* FITSHeaderKeywordTests.swift in Sources */ = {isa = PBXBuildFile; fileRef = 109D2DC72A5AC5430024BBBD /* FITSHeaderKeywordTests.swift */; };
		109D2DCA2A5AC5ED0024BBBD /* FileHandle+FITS.swift in Sources */ = {isa = PBXBuildFile; fileRef = 109D2DC92A5AC5ED0024BBBD /* FileHandle+FITS.swift */; };
		109D2DCE2A5ACA370024BBBD /* URL+FileType.swift in Sources */ = {isa = PBXBuildFile; fileRef = 109D2DCD2A5ACA370024BBBD /* URL+FileType.swift */; };
		10A85CC22A9EAAC6001196E0 /* File+Region.swift in Sources */ = {isa = PBXBuildFile; fileRef = 10A85CC12A9EAAC6001196E0 /* File+Region.swift */; };
		10A85CC32A9EAD50001196E0 /* FileStatistics.swift in Sources */ = {isa = PBXBuildFile; fileRef = 1096BDF32A9AD5ED00420F4C /* FileStatistics.swift */; };
		10A85CC42A9EAD57001196E0 /* Region.swift in Sources */ = {isa = PBXBuildFile; fileRef = 1096BDED2A9AD2AE00420F4C /* Region.swift */; };
		10A85CC62A9EADB2001196E0 /* Region+Tests.swift in Sources */ = {isa = PBXBuildFile; fileRef = 10A85CC52A9EADB2001196E0 /* Region+Tests.swift */; };
		10AABE8A2A67FB37000443B8 /* FileImportController.swift in Sources */ = {isa = PBXBuildFile; fileRef = 10AABE892A67FB37000443B8 /* FileImportController.swift */; };
		10AABE8C2A6A94AF000443B8 /* FileImporterTests.swift in Sources */ = {isa = PBXBuildFile; fileRef = 10AABE8B2A6A94AF000443B8 /* FileImporterTests.swift */; };
		10AABE8E2A6A99B5000443B8 /* URL+FileTypeTests.swift in Sources */ = {isa = PBXBuildFile; fileRef = 10AABE8D2A6A99B5000443B8 /* URL+FileTypeTests.swift */; };
		10B5CC722A55801E00A36387 /* FITSHeaderKeyword.swift in Sources */ = {isa = PBXBuildFile; fileRef = 10B5CC712A55801E00A36387 /* FITSHeaderKeyword.swift */; };
		10B792562A621F4800291B6D /* FileImportContentView.swift in Sources */ = {isa = PBXBuildFile; fileRef = 10B792552A621F4800291B6D /* FileImportContentView.swift */; };
		10B792582A6222D500291B6D /* Import.swift in Sources */ = {isa = PBXBuildFile; fileRef = 10B792572A6222D500291B6D /* Import.swift */; };
		10C432252A50F80F00E620DF /* AstroApp.swift in Sources */ = {isa = PBXBuildFile; fileRef = 10C432242A50F80F00E620DF /* AstroApp.swift */; };
		10C432272A50F80F00E620DF /* ContentView.swift in Sources */ = {isa = PBXBuildFile; fileRef = 10C432262A50F80F00E620DF /* ContentView.swift */; };
		10C432292A50F81000E620DF /* Assets.xcassets in Resources */ = {isa = PBXBuildFile; fileRef = 10C432282A50F81000E620DF /* Assets.xcassets */; };
		10C4322C2A50F81000E620DF /* Preview Assets.xcassets in Resources */ = {isa = PBXBuildFile; fileRef = 10C4322B2A50F81000E620DF /* Preview Assets.xcassets */; };
		10C4322E2A50F81000E620DF /* Persistence.swift in Sources */ = {isa = PBXBuildFile; fileRef = 10C4322D2A50F81000E620DF /* Persistence.swift */; };
		10C432312A50F81000E620DF /* Astro.xcdatamodeld in Sources */ = {isa = PBXBuildFile; fileRef = 10C4322F2A50F81000E620DF /* Astro.xcdatamodeld */; };
		10C432462A50F81000E620DF /* AstroUITests.swift in Sources */ = {isa = PBXBuildFile; fileRef = 10C432452A50F81000E620DF /* AstroUITests.swift */; };
		10C432482A50F81000E620DF /* AstroUITestsLaunchTests.swift in Sources */ = {isa = PBXBuildFile; fileRef = 10C432472A50F81000E620DF /* AstroUITestsLaunchTests.swift */; };
		10C55BA82AAD6331000BBC5E /* TargetExportContentView.swift in Sources */ = {isa = PBXBuildFile; fileRef = 10C55BA72AAD6331000BBC5E /* TargetExportContentView.swift */; };
		10C55BAB2AAD6561000BBC5E /* TargetExport.swift in Sources */ = {isa = PBXBuildFile; fileRef = 10C55BA92AAD64BD000BBC5E /* TargetExport.swift */; };
		10D833132A5F758000C63083 /* CategoryList.swift in Sources */ = {isa = PBXBuildFile; fileRef = 10D833122A5F758000C63083 /* CategoryList.swift */; };
		10D833152A5F75AC00C63083 /* SessionList.swift in Sources */ = {isa = PBXBuildFile; fileRef = 10D833142A5F75AC00C63083 /* SessionList.swift */; };
		10D833192A5F7C6F00C63083 /* TargetList.swift in Sources */ = {isa = PBXBuildFile; fileRef = 10D833182A5F7C6F00C63083 /* TargetList.swift */; };
		10D8331B2A5F7D1600C63083 /* FileList.swift in Sources */ = {isa = PBXBuildFile; fileRef = 10D8331A2A5F7D1600C63083 /* FileList.swift */; };
		10D8331D2A5FA34000C63083 /* Session.swift in Sources */ = {isa = PBXBuildFile; fileRef = 10D8331C2A5FA34000C63083 /* Session.swift */; };
		10D833232A5FA46400C63083 /* File.swift in Sources */ = {isa = PBXBuildFile; fileRef = 10D833212A5FA46400C63083 /* File.swift */; };
		10D833262A5FA46A00C63083 /* Target.swift in Sources */ = {isa = PBXBuildFile; fileRef = 10D833242A5FA46A00C63083 /* Target.swift */; };
		10D833302A60016800C63083 /* SGPro.fit in Resources */ = {isa = PBXBuildFile; fileRef = 10D8332F2A60016800C63083 /* SGPro.fit */; };
		10D833322A60017C00C63083 /* Ekos.fits in Resources */ = {isa = PBXBuildFile; fileRef = 10D833312A60017C00C63083 /* Ekos.fits */; };
		10D833332A6001AA00C63083 /* Ekos.fits in Resources */ = {isa = PBXBuildFile; fileRef = 10D833312A60017C00C63083 /* Ekos.fits */; };
		10D833342A6001AA00C63083 /* SGPro.fit in Resources */ = {isa = PBXBuildFile; fileRef = 10D8332F2A60016800C63083 /* SGPro.fit */; };
		10E81F472A5104C300846852 /* FileGrid.swift in Sources */ = {isa = PBXBuildFile; fileRef = 10E81F462A5104C300846852 /* FileGrid.swift */; };
		10E81F4A2A5108A000846852 /* File+PreviewProvider.swift in Sources */ = {isa = PBXBuildFile; fileRef = 10E81F492A5108A000846852 /* File+PreviewProvider.swift */; };
		10F646832A623D5900DE27FE /* ImageProcessor.swift in Sources */ = {isa = PBXBuildFile; fileRef = 10F646822A623D5900DE27FE /* ImageProcessor.swift */; };
		10F646852A629FCA00DE27FE /* AverageStacking.metal in Sources */ = {isa = PBXBuildFile; fileRef = 10F646842A629FCA00DE27FE /* AverageStacking.metal */; };
		10F646872A629FED00DE27FE /* AverageStackingFilter.swift in Sources */ = {isa = PBXBuildFile; fileRef = 10F646862A629FED00DE27FE /* AverageStackingFilter.swift */; };
		10F6468A2A62B8D200DE27FE /* FileImporter.swift in Sources */ = {isa = PBXBuildFile; fileRef = 10F646892A62B8D200DE27FE /* FileImporter.swift */; };
		10F6468C2A62B8EB00DE27FE /* FITSFileImporter.swift in Sources */ = {isa = PBXBuildFile; fileRef = 10F6468B2A62B8EB00DE27FE /* FITSFileImporter.swift */; };
/* End PBXBuildFile section */

/* Begin PBXContainerItemProxy section */
		10C432382A50F81000E620DF /* PBXContainerItemProxy */ = {
			isa = PBXContainerItemProxy;
			containerPortal = 10C432192A50F80F00E620DF /* Project object */;
			proxyType = 1;
			remoteGlobalIDString = 10C432202A50F80F00E620DF;
			remoteInfo = Astro;
		};
		10C432422A50F81000E620DF /* PBXContainerItemProxy */ = {
			isa = PBXContainerItemProxy;
			containerPortal = 10C432192A50F80F00E620DF /* Project object */;
			proxyType = 1;
			remoteGlobalIDString = 10C432202A50F80F00E620DF;
			remoteInfo = Astro;
		};
/* End PBXContainerItemProxy section */

/* Begin PBXFileReference section */
		100519442AA4209400C25AF6 /* ImageInspector.swift */ = {isa = PBXFileReference; lastKnownFileType = sourcecode.swift; path = ImageInspector.swift; sourceTree = "<group>"; };
		100519492AA421AC00C25AF6 /* FileMetadataInspectorPane.swift */ = {isa = PBXFileReference; lastKnownFileType = sourcecode.swift; path = FileMetadataInspectorPane.swift; sourceTree = "<group>"; };
		1005194C2AA425E800C25AF6 /* FileMetadata.swift */ = {isa = PBXFileReference; lastKnownFileType = sourcecode.swift; path = FileMetadata.swift; sourceTree = "<group>"; };
		1005194E2AA42C6F00C25AF6 /* File+Rotation.swift */ = {isa = PBXFileReference; lastKnownFileType = sourcecode.swift; path = "File+Rotation.swift"; sourceTree = "<group>"; };
		100577482A7DF3AF000B0D2B /* FileTable.swift */ = {isa = PBXFileReference; lastKnownFileType = sourcecode.swift; path = FileTable.swift; sourceTree = "<group>"; };
		100AC9882A6B6F60009E6CBA /* FileImportControllerTests.swift */ = {isa = PBXFileReference; lastKnownFileType = sourcecode.swift; path = FileImportControllerTests.swift; sourceTree = "<group>"; };
		100AC98A2A6BEEE5009E6CBA /* 20230629 */ = {isa = PBXFileReference; lastKnownFileType = folder; path = 20230629; sourceTree = "<group>"; };
		100AC98C2A6BEF57009E6CBA /* ImportTests.swift */ = {isa = PBXFileReference; lastKnownFileType = sourcecode.swift; path = ImportTests.swift; sourceTree = "<group>"; };
		100D900A2AE48D2200B2F648 /* CalibrationSessionListFilterView.swift */ = {isa = PBXFileReference; lastKnownFileType = sourcecode.swift; path = CalibrationSessionListFilterView.swift; sourceTree = "<group>"; };
		100D900C2AE4A39900B2F648 /* CalibrationSessionListSessionView.swift */ = {isa = PBXFileReference; lastKnownFileType = sourcecode.swift; path = CalibrationSessionListSessionView.swift; sourceTree = "<group>"; };
		100D900F2AF2084800B2F648 /* ImageProcessorContentView.swift */ = {isa = PBXFileReference; lastKnownFileType = sourcecode.swift; path = ImageProcessorContentView.swift; sourceTree = "<group>"; };
		100D90132AF209E300B2F648 /* StackingOperation.swift */ = {isa = PBXFileReference; lastKnownFileType = sourcecode.swift; path = StackingOperation.swift; sourceTree = "<group>"; };
		100D90152AF20A2B00B2F648 /* CombinedProcessingOperation.swift */ = {isa = PBXFileReference; lastKnownFileType = sourcecode.swift; path = CombinedProcessingOperation.swift; sourceTree = "<group>"; };
		10148DF22B083EEC00C4C051 /* PixInsightRegistrationOperation.swift */ = {isa = PBXFileReference; lastKnownFileType = sourcecode.swift; path = PixInsightRegistrationOperation.swift; sourceTree = "<group>"; };
		10148DF42B08428A00C4C051 /* PixInsightRegistrationScriptTemplate.js */ = {isa = PBXFileReference; lastKnownFileType = sourcecode.javascript; path = PixInsightRegistrationScriptTemplate.js; sourceTree = "<group>"; };
		101A382D2AC8DFB7008DBB4C /* CalibrationSessionView.swift */ = {isa = PBXFileReference; lastKnownFileType = sourcecode.swift; path = CalibrationSessionView.swift; sourceTree = "<group>"; };
		101A382F2AC8DFC1008DBB4C /* CalibrationSessionFilterView.swift */ = {isa = PBXFileReference; lastKnownFileType = sourcecode.swift; path = CalibrationSessionFilterView.swift; sourceTree = "<group>"; };
		101A38312AC8E1D3008DBB4C /* CalibrationSessionFilterFlatView.swift */ = {isa = PBXFileReference; lastKnownFileType = sourcecode.swift; path = CalibrationSessionFilterFlatView.swift; sourceTree = "<group>"; };
		101A38332AC8E217008DBB4C /* CalibrationSessionFilterLightView.swift */ = {isa = PBXFileReference; lastKnownFileType = sourcecode.swift; path = CalibrationSessionFilterLightView.swift; sourceTree = "<group>"; };
		101B308E2A5912430094DDCF /* Astro.xctestplan */ = {isa = PBXFileReference; lastKnownFileType = text; path = Astro.xctestplan; sourceTree = "<group>"; };
		102D542D2A63FAF300389791 /* FileBrowser.swift */ = {isa = PBXFileReference; lastKnownFileType = sourcecode.swift; path = FileBrowser.swift; sourceTree = "<group>"; };
		103870982A5E246800064EF1 /* Date+Session.swift */ = {isa = PBXFileReference; lastKnownFileType = sourcecode.swift; path = "Date+Session.swift"; sourceTree = "<group>"; };
		1038709A2A5E24F200064EF1 /* Date+SessionTests.swift */ = {isa = PBXFileReference; lastKnownFileType = sourcecode.swift; path = "Date+SessionTests.swift"; sourceTree = "<group>"; };
		1038709C2A5E4F4100064EF1 /* SessionView.swift */ = {isa = PBXFileReference; lastKnownFileType = sourcecode.swift; path = SessionView.swift; sourceTree = "<group>"; };
		1038709E2A5E4F8000064EF1 /* Session+PreviewProvider.swift */ = {isa = PBXFileReference; lastKnownFileType = sourcecode.swift; path = "Session+PreviewProvider.swift"; sourceTree = "<group>"; };
		103B8A612A65F44500B526C7 /* CGImage+Resize.swift */ = {isa = PBXFileReference; lastKnownFileType = sourcecode.swift; path = "CGImage+Resize.swift"; sourceTree = "<group>"; };
		103B8A632A65F4A600B526C7 /* CGImage+Filter.swift */ = {isa = PBXFileReference; lastKnownFileType = sourcecode.swift; path = "CGImage+Filter.swift"; sourceTree = "<group>"; };
		103CF3212A8C3D5D0051F593 /* StarRectsView.swift */ = {isa = PBXFileReference; lastKnownFileType = sourcecode.swift; path = StarRectsView.swift; sourceTree = "<group>"; };
		103D6CAD2B098D34006F9806 /* TargetExportController+Tests.swift */ = {isa = PBXFileReference; lastKnownFileType = sourcecode.swift; path = "TargetExportController+Tests.swift"; sourceTree = "<group>"; };
		103D6CB92B099CCE006F9806 /* PixInsightLightsIntegrationScriptTemplate.js */ = {isa = PBXFileReference; lastKnownFileType = sourcecode.javascript; path = PixInsightLightsIntegrationScriptTemplate.js; sourceTree = "<group>"; };
		103E22552AA2BF7B00B35FA6 /* StretchFilter.swift */ = {isa = PBXFileReference; lastKnownFileType = sourcecode.swift; path = StretchFilter.swift; sourceTree = "<group>"; };
		103E22572AA2BF8400B35FA6 /* Stretch.metal */ = {isa = PBXFileReference; lastKnownFileType = sourcecode.metal; path = Stretch.metal; sourceTree = "<group>"; };
		105B76E52B11526F00B3D069 /* URL+Documents.swift */ = {isa = PBXFileReference; lastKnownFileType = sourcecode.swift; path = "URL+Documents.swift"; sourceTree = "<group>"; };
		105B76E92B11B70300B3D069 /* PixInsightInstance.swift */ = {isa = PBXFileReference; lastKnownFileType = sourcecode.swift; path = PixInsightInstance.swift; sourceTree = "<group>"; };
		105B76EB2B11F63100B3D069 /* TargetListItem.swift */ = {isa = PBXFileReference; lastKnownFileType = sourcecode.swift; path = TargetListItem.swift; sourceTree = "<group>"; };
		1062D7692A981B2300466086 /* File+RegionTests.swift */ = {isa = PBXFileReference; lastKnownFileType = sourcecode.swift; path = "File+RegionTests.swift"; sourceTree = "<group>"; };
		106BD33E2A6CCF9A00DE947D /* FIlteredImage.swift */ = {isa = PBXFileReference; lastKnownFileType = sourcecode.swift; path = FIlteredImage.swift; sourceTree = "<group>"; };
		106D0FA62A7DE3C0003015EA /* FileListModePicker.swift */ = {isa = PBXFileReference; lastKnownFileType = sourcecode.swift; path = FileListModePicker.swift; sourceTree = "<group>"; };
		107144FC2AFF0C790049E580 /* AstroRelease.entitlements */ = {isa = PBXFileReference; lastKnownFileType = text.plist.entitlements; path = AstroRelease.entitlements; sourceTree = "<group>"; };
		107144FF2B004CA00049E580 /* ExternalProcessor.swift */ = {isa = PBXFileReference; lastKnownFileType = sourcecode.swift; path = ExternalProcessor.swift; sourceTree = "<group>"; };
		107145022B004CB90049E580 /* PixInsightProcessor.swift */ = {isa = PBXFileReference; lastKnownFileType = sourcecode.swift; path = PixInsightProcessor.swift; sourceTree = "<group>"; };
		107145062B004D0B0049E580 /* ExternalProcessingOperation.swift */ = {isa = PBXFileReference; lastKnownFileType = sourcecode.swift; path = ExternalProcessingOperation.swift; sourceTree = "<group>"; };
		107145082B004D2C0049E580 /* PixInsightIntegrationOperation.swift */ = {isa = PBXFileReference; lastKnownFileType = sourcecode.swift; path = PixInsightIntegrationOperation.swift; sourceTree = "<group>"; };
		1071450A2B004DED0049E580 /* ExternalProcessingOperationQueue.swift */ = {isa = PBXFileReference; lastKnownFileType = sourcecode.swift; path = ExternalProcessingOperationQueue.swift; sourceTree = "<group>"; };
		1071450C2B004FEF0049E580 /* PixInsightScript.swift */ = {isa = PBXFileReference; lastKnownFileType = sourcecode.swift; path = PixInsightScript.swift; sourceTree = "<group>"; };
		1071450E2B0054380049E580 /* PixInsightFlatsIntegrationScriptTemplate.js */ = {isa = PBXFileReference; lastKnownFileType = sourcecode.javascript; path = PixInsightFlatsIntegrationScriptTemplate.js; sourceTree = "<group>"; };
		107145122B005CCB0049E580 /* TargetBatch.swift */ = {isa = PBXFileReference; lastKnownFileType = sourcecode.swift; path = TargetBatch.swift; sourceTree = "<group>"; };
		107145162B006B370049E580 /* PixInsightCalibrationOperation.swift */ = {isa = PBXFileReference; lastKnownFileType = sourcecode.swift; path = PixInsightCalibrationOperation.swift; sourceTree = "<group>"; };
		107145182B006B4A0049E580 /* PixInsightCalibrationScriptTemplate.js */ = {isa = PBXFileReference; lastKnownFileType = sourcecode.javascript; path = PixInsightCalibrationScriptTemplate.js; sourceTree = "<group>"; };
		1071451A2B01AC340049E580 /* TargetExportOperation.swift */ = {isa = PBXFileReference; lastKnownFileType = sourcecode.swift; path = TargetExportOperation.swift; sourceTree = "<group>"; };
		1075E0CF2A7F30D100AF344A /* FileApproval.swift */ = {isa = PBXFileReference; lastKnownFileType = sourcecode.swift; path = FileApproval.swift; sourceTree = "<group>"; };
		1089AA612AB53B78007D4E6B /* TargetExportController.swift */ = {isa = PBXFileReference; lastKnownFileType = sourcecode.swift; path = TargetExportController.swift; sourceTree = "<group>"; };
		1089AA642AB6843D007D4E6B /* CalibrationView.swift */ = {isa = PBXFileReference; lastKnownFileType = sourcecode.swift; path = CalibrationView.swift; sourceTree = "<group>"; };
		108DD7ED2A5AA8F3002A7549 /* Date+FITS.swift */ = {isa = PBXFileReference; lastKnownFileType = sourcecode.swift; path = "Date+FITS.swift"; sourceTree = "<group>"; };
		108DD7EF2A5AA907002A7549 /* Date+FITSTests.swift */ = {isa = PBXFileReference; lastKnownFileType = sourcecode.swift; path = "Date+FITSTests.swift"; sourceTree = "<group>"; };
		108F82232A60DB5E00061511 /* TargetView.swift */ = {isa = PBXFileReference; lastKnownFileType = sourcecode.swift; path = TargetView.swift; sourceTree = "<group>"; };
		108F82252A60DE0000061511 /* FileViewer.swift */ = {isa = PBXFileReference; lastKnownFileType = sourcecode.swift; path = FileViewer.swift; sourceTree = "<group>"; };
		108F82292A61557600061511 /* CGImage+Format.swift */ = {isa = PBXFileReference; lastKnownFileType = sourcecode.swift; path = "CGImage+Format.swift"; sourceTree = "<group>"; };
		10903D592ABFCCA500065842 /* Filter.swift */ = {isa = PBXFileReference; lastKnownFileType = sourcecode.swift; path = Filter.swift; sourceTree = "<group>"; };
		1092FB282AB68B1700CD69BD /* CalibrationSessionList.swift */ = {isa = PBXFileReference; lastKnownFileType = sourcecode.swift; path = CalibrationSessionList.swift; sourceTree = "<group>"; };
		1096BDED2A9AD2AE00420F4C /* Region.swift */ = {isa = PBXFileReference; lastKnownFileType = sourcecode.swift; path = Region.swift; sourceTree = "<group>"; };
		1096BDEF2A9AD3E500420F4C /* FileProcessOperation.swift */ = {isa = PBXFileReference; lastKnownFileType = sourcecode.swift; path = FileProcessOperation.swift; sourceTree = "<group>"; };
		1096BDF12A9AD48900420F4C /* FileProcessController.swift */ = {isa = PBXFileReference; lastKnownFileType = sourcecode.swift; path = FileProcessController.swift; sourceTree = "<group>"; };
		1096BDF32A9AD5ED00420F4C /* FileStatistics.swift */ = {isa = PBXFileReference; lastKnownFileType = sourcecode.swift; path = FileStatistics.swift; sourceTree = "<group>"; };
		109D2DC52A5AC47D0024BBBD /* FITSFile.swift */ = {isa = PBXFileReference; lastKnownFileType = sourcecode.swift; path = FITSFile.swift; sourceTree = "<group>"; };
		109D2DC72A5AC5430024BBBD /* FITSHeaderKeywordTests.swift */ = {isa = PBXFileReference; lastKnownFileType = sourcecode.swift; path = FITSHeaderKeywordTests.swift; sourceTree = "<group>"; };
		109D2DC92A5AC5ED0024BBBD /* FileHandle+FITS.swift */ = {isa = PBXFileReference; lastKnownFileType = sourcecode.swift; path = "FileHandle+FITS.swift"; sourceTree = "<group>"; };
		109D2DCD2A5ACA370024BBBD /* URL+FileType.swift */ = {isa = PBXFileReference; lastKnownFileType = sourcecode.swift; path = "URL+FileType.swift"; sourceTree = "<group>"; };
		10A85CC12A9EAAC6001196E0 /* File+Region.swift */ = {isa = PBXFileReference; lastKnownFileType = sourcecode.swift; path = "File+Region.swift"; sourceTree = "<group>"; };
		10A85CC52A9EADB2001196E0 /* Region+Tests.swift */ = {isa = PBXFileReference; lastKnownFileType = sourcecode.swift; path = "Region+Tests.swift"; sourceTree = "<group>"; };
		10AABE892A67FB37000443B8 /* FileImportController.swift */ = {isa = PBXFileReference; lastKnownFileType = sourcecode.swift; path = FileImportController.swift; sourceTree = "<group>"; };
		10AABE8B2A6A94AF000443B8 /* FileImporterTests.swift */ = {isa = PBXFileReference; lastKnownFileType = sourcecode.swift; path = FileImporterTests.swift; sourceTree = "<group>"; };
		10AABE8D2A6A99B5000443B8 /* URL+FileTypeTests.swift */ = {isa = PBXFileReference; lastKnownFileType = sourcecode.swift; path = "URL+FileTypeTests.swift"; sourceTree = "<group>"; };
		10B5CC712A55801E00A36387 /* FITSHeaderKeyword.swift */ = {isa = PBXFileReference; lastKnownFileType = sourcecode.swift; path = FITSHeaderKeyword.swift; sourceTree = "<group>"; };
		10B792552A621F4800291B6D /* FileImportContentView.swift */ = {isa = PBXFileReference; lastKnownFileType = sourcecode.swift; path = FileImportContentView.swift; sourceTree = "<group>"; };
		10B792572A6222D500291B6D /* Import.swift */ = {isa = PBXFileReference; lastKnownFileType = sourcecode.swift; path = Import.swift; sourceTree = "<group>"; };
		10C432212A50F80F00E620DF /* Astro.app */ = {isa = PBXFileReference; explicitFileType = wrapper.application; includeInIndex = 0; path = Astro.app; sourceTree = BUILT_PRODUCTS_DIR; };
		10C432242A50F80F00E620DF /* AstroApp.swift */ = {isa = PBXFileReference; lastKnownFileType = sourcecode.swift; path = AstroApp.swift; sourceTree = "<group>"; };
		10C432262A50F80F00E620DF /* ContentView.swift */ = {isa = PBXFileReference; lastKnownFileType = sourcecode.swift; path = ContentView.swift; sourceTree = "<group>"; };
		10C432282A50F81000E620DF /* Assets.xcassets */ = {isa = PBXFileReference; lastKnownFileType = folder.assetcatalog; path = Assets.xcassets; sourceTree = "<group>"; };
		10C4322B2A50F81000E620DF /* Preview Assets.xcassets */ = {isa = PBXFileReference; lastKnownFileType = folder.assetcatalog; path = "Preview Assets.xcassets"; sourceTree = "<group>"; };
		10C4322D2A50F81000E620DF /* Persistence.swift */ = {isa = PBXFileReference; lastKnownFileType = sourcecode.swift; path = Persistence.swift; sourceTree = "<group>"; };
		10C432302A50F81000E620DF /* Astro.xcdatamodel */ = {isa = PBXFileReference; lastKnownFileType = wrapper.xcdatamodel; path = Astro.xcdatamodel; sourceTree = "<group>"; };
		10C432322A50F81000E620DF /* Astro.entitlements */ = {isa = PBXFileReference; lastKnownFileType = text.plist.entitlements; path = Astro.entitlements; sourceTree = "<group>"; };
		10C432372A50F81000E620DF /* AstroTests.xctest */ = {isa = PBXFileReference; explicitFileType = wrapper.cfbundle; includeInIndex = 0; path = AstroTests.xctest; sourceTree = BUILT_PRODUCTS_DIR; };
		10C432412A50F81000E620DF /* AstroUITests.xctest */ = {isa = PBXFileReference; explicitFileType = wrapper.cfbundle; includeInIndex = 0; path = AstroUITests.xctest; sourceTree = BUILT_PRODUCTS_DIR; };
		10C432452A50F81000E620DF /* AstroUITests.swift */ = {isa = PBXFileReference; lastKnownFileType = sourcecode.swift; path = AstroUITests.swift; sourceTree = "<group>"; };
		10C432472A50F81000E620DF /* AstroUITestsLaunchTests.swift */ = {isa = PBXFileReference; lastKnownFileType = sourcecode.swift; path = AstroUITestsLaunchTests.swift; sourceTree = "<group>"; };
		10C55BA72AAD6331000BBC5E /* TargetExportContentView.swift */ = {isa = PBXFileReference; lastKnownFileType = sourcecode.swift; path = TargetExportContentView.swift; sourceTree = "<group>"; };
		10C55BA92AAD64BD000BBC5E /* TargetExport.swift */ = {isa = PBXFileReference; lastKnownFileType = sourcecode.swift; path = TargetExport.swift; sourceTree = "<group>"; };
		10D833122A5F758000C63083 /* CategoryList.swift */ = {isa = PBXFileReference; lastKnownFileType = sourcecode.swift; path = CategoryList.swift; sourceTree = "<group>"; };
		10D833142A5F75AC00C63083 /* SessionList.swift */ = {isa = PBXFileReference; lastKnownFileType = sourcecode.swift; path = SessionList.swift; sourceTree = "<group>"; };
		10D833182A5F7C6F00C63083 /* TargetList.swift */ = {isa = PBXFileReference; lastKnownFileType = sourcecode.swift; path = TargetList.swift; sourceTree = "<group>"; };
		10D8331A2A5F7D1600C63083 /* FileList.swift */ = {isa = PBXFileReference; lastKnownFileType = sourcecode.swift; path = FileList.swift; sourceTree = "<group>"; };
		10D8331C2A5FA34000C63083 /* Session.swift */ = {isa = PBXFileReference; lastKnownFileType = sourcecode.swift; path = Session.swift; sourceTree = "<group>"; };
		10D833212A5FA46400C63083 /* File.swift */ = {isa = PBXFileReference; fileEncoding = 4; lastKnownFileType = sourcecode.swift; path = File.swift; sourceTree = "<group>"; };
		10D833242A5FA46A00C63083 /* Target.swift */ = {isa = PBXFileReference; fileEncoding = 4; lastKnownFileType = sourcecode.swift; path = Target.swift; sourceTree = "<group>"; };
		10D8332F2A60016800C63083 /* SGPro.fit */ = {isa = PBXFileReference; fileEncoding = 4; lastKnownFileType = text; path = SGPro.fit; sourceTree = "<group>"; };
		10D833312A60017C00C63083 /* Ekos.fits */ = {isa = PBXFileReference; fileEncoding = 4; lastKnownFileType = text; path = Ekos.fits; sourceTree = "<group>"; };
		10E81F462A5104C300846852 /* FileGrid.swift */ = {isa = PBXFileReference; lastKnownFileType = sourcecode.swift; path = FileGrid.swift; sourceTree = "<group>"; };
		10E81F492A5108A000846852 /* File+PreviewProvider.swift */ = {isa = PBXFileReference; lastKnownFileType = sourcecode.swift; path = "File+PreviewProvider.swift"; sourceTree = "<group>"; };
		10F646822A623D5900DE27FE /* ImageProcessor.swift */ = {isa = PBXFileReference; lastKnownFileType = sourcecode.swift; path = ImageProcessor.swift; sourceTree = "<group>"; };
		10F646842A629FCA00DE27FE /* AverageStacking.metal */ = {isa = PBXFileReference; lastKnownFileType = sourcecode.metal; path = AverageStacking.metal; sourceTree = "<group>"; };
		10F646862A629FED00DE27FE /* AverageStackingFilter.swift */ = {isa = PBXFileReference; lastKnownFileType = sourcecode.swift; path = AverageStackingFilter.swift; sourceTree = "<group>"; };
		10F646892A62B8D200DE27FE /* FileImporter.swift */ = {isa = PBXFileReference; lastKnownFileType = sourcecode.swift; path = FileImporter.swift; sourceTree = "<group>"; };
		10F6468B2A62B8EB00DE27FE /* FITSFileImporter.swift */ = {isa = PBXFileReference; lastKnownFileType = sourcecode.swift; path = FITSFileImporter.swift; sourceTree = "<group>"; };
/* End PBXFileReference section */

/* Begin PBXFrameworksBuildPhase section */
		10C4321E2A50F80F00E620DF /* Frameworks */ = {
			isa = PBXFrameworksBuildPhase;
			buildActionMask = 2147483647;
			files = (
			);
			runOnlyForDeploymentPostprocessing = 0;
		};
		10C432342A50F81000E620DF /* Frameworks */ = {
			isa = PBXFrameworksBuildPhase;
			buildActionMask = 2147483647;
			files = (
			);
			runOnlyForDeploymentPostprocessing = 0;
		};
		10C4323E2A50F81000E620DF /* Frameworks */ = {
			isa = PBXFrameworksBuildPhase;
			buildActionMask = 2147483647;
			files = (
			);
			runOnlyForDeploymentPostprocessing = 0;
		};
/* End PBXFrameworksBuildPhase section */

/* Begin PBXGroup section */
		100519462AA4218800C25AF6 /* Inspectors */ = {
			isa = PBXGroup;
			children = (
				100519472AA4219100C25AF6 /* Image */,
			);
			path = Inspectors;
			sourceTree = "<group>";
		};
		100519472AA4219100C25AF6 /* Image */ = {
			isa = PBXGroup;
			children = (
				100519442AA4209400C25AF6 /* ImageInspector.swift */,
				100519482AA4219900C25AF6 /* Panes */,
			);
			path = Image;
			sourceTree = "<group>";
		};
		100519482AA4219900C25AF6 /* Panes */ = {
			isa = PBXGroup;
			children = (
				100519492AA421AC00C25AF6 /* FileMetadataInspectorPane.swift */,
			);
			path = Panes;
			sourceTree = "<group>";
		};
		1005774A2A7DF3E6000B0D2B /* Image */ = {
			isa = PBXGroup;
			children = (
				106BD33E2A6CCF9A00DE947D /* FIlteredImage.swift */,
				103CF3212A8C3D5D0051F593 /* StarRectsView.swift */,
			);
			path = Image;
			sourceTree = "<group>";
		};
		100D900E2AF2080900B2F648 /* Process */ = {
			isa = PBXGroup;
			children = (
				100D900F2AF2084800B2F648 /* ImageProcessorContentView.swift */,
			);
			path = Process;
			sourceTree = "<group>";
		};
		100D90112AF209B900B2F648 /* Stretch */ = {
			isa = PBXGroup;
			children = (
				103E22552AA2BF7B00B35FA6 /* StretchFilter.swift */,
				103E22572AA2BF8400B35FA6 /* Stretch.metal */,
			);
			path = Stretch;
			sourceTree = "<group>";
		};
		100D90122AF209CD00B2F648 /* Stacking */ = {
			isa = PBXGroup;
			children = (
				10F646842A629FCA00DE27FE /* AverageStacking.metal */,
				10F646862A629FED00DE27FE /* AverageStackingFilter.swift */,
			);
			path = Stacking;
			sourceTree = "<group>";
		};
		101A382C2AC8DF7C008DBB4C /* Detail */ = {
			isa = PBXGroup;
			children = (
				1089AA642AB6843D007D4E6B /* CalibrationView.swift */,
				101A382D2AC8DFB7008DBB4C /* CalibrationSessionView.swift */,
				101A382F2AC8DFC1008DBB4C /* CalibrationSessionFilterView.swift */,
				101A38312AC8E1D3008DBB4C /* CalibrationSessionFilterFlatView.swift */,
				101A38332AC8E217008DBB4C /* CalibrationSessionFilterLightView.swift */,
			);
			path = Detail;
			sourceTree = "<group>";
		};
		106702412A66A96900FD2DA6 /* FITS */ = {
			isa = PBXGroup;
			children = (
				10F6468B2A62B8EB00DE27FE /* FITSFileImporter.swift */,
				109D2DC52A5AC47D0024BBBD /* FITSFile.swift */,
				10B5CC712A55801E00A36387 /* FITSHeaderKeyword.swift */,
				109D2DC72A5AC5430024BBBD /* FITSHeaderKeywordTests.swift */,
				10AABE882A678AB2000443B8 /* Extensions */,
			);
			path = FITS;
			sourceTree = "<group>";
		};
		106D0FA52A7DE3A1003015EA /* Toolbar */ = {
			isa = PBXGroup;
			children = (
				106D0FA62A7DE3C0003015EA /* FileListModePicker.swift */,
			);
			path = Toolbar;
			sourceTree = "<group>";
		};
		107144FE2B004C760049E580 /* External */ = {
			isa = PBXGroup;
			children = (
				107145012B004CAB0049E580 /* PixInsight */,
				107144FF2B004CA00049E580 /* ExternalProcessor.swift */,
				107145052B004CEF0049E580 /* Operations */,
				1071450A2B004DED0049E580 /* ExternalProcessingOperationQueue.swift */,
			);
			path = External;
			sourceTree = "<group>";
		};
		107145012B004CAB0049E580 /* PixInsight */ = {
			isa = PBXGroup;
			children = (
				107145042B004CE70049E580 /* Operations */,
				107145022B004CB90049E580 /* PixInsightProcessor.swift */,
				1071450C2B004FEF0049E580 /* PixInsightScript.swift */,
				105B76E92B11B70300B3D069 /* PixInsightInstance.swift */,
			);
			path = PixInsight;
			sourceTree = "<group>";
		};
		107145042B004CE70049E580 /* Operations */ = {
			isa = PBXGroup;
			children = (
				107145082B004D2C0049E580 /* PixInsightIntegrationOperation.swift */,
				1071450E2B0054380049E580 /* PixInsightFlatsIntegrationScriptTemplate.js */,
				103D6CB92B099CCE006F9806 /* PixInsightLightsIntegrationScriptTemplate.js */,
				107145162B006B370049E580 /* PixInsightCalibrationOperation.swift */,
				107145182B006B4A0049E580 /* PixInsightCalibrationScriptTemplate.js */,
				10148DF22B083EEC00C4C051 /* PixInsightRegistrationOperation.swift */,
				10148DF42B08428A00C4C051 /* PixInsightRegistrationScriptTemplate.js */,
			);
			path = Operations;
			sourceTree = "<group>";
		};
		107145052B004CEF0049E580 /* Operations */ = {
			isa = PBXGroup;
			children = (
				107145062B004D0B0049E580 /* ExternalProcessingOperation.swift */,
			);
			path = Operations;
			sourceTree = "<group>";
		};
		1089AA632AB6842D007D4E6B /* Calibration */ = {
			isa = PBXGroup;
			children = (
				1092FB282AB68B1700CD69BD /* CalibrationSessionList.swift */,
				100D900C2AE4A39900B2F648 /* CalibrationSessionListSessionView.swift */,
				100D900A2AE48D2200B2F648 /* CalibrationSessionListFilterView.swift */,
				101A382C2AC8DF7C008DBB4C /* Detail */,
			);
			path = Calibration;
			sourceTree = "<group>";
		};
		1096BDEE2A9AD3CE00420F4C /* FileProcessor */ = {
			isa = PBXGroup;
			children = (
				1096BDEF2A9AD3E500420F4C /* FileProcessOperation.swift */,
				1096BDF12A9AD48900420F4C /* FileProcessController.swift */,
			);
			path = FileProcessor;
			sourceTree = "<group>";
		};
		10AABE882A678AB2000443B8 /* Extensions */ = {
			isa = PBXGroup;
			children = (
				108DD7ED2A5AA8F3002A7549 /* Date+FITS.swift */,
				108DD7EF2A5AA907002A7549 /* Date+FITSTests.swift */,
				109D2DC92A5AC5ED0024BBBD /* FileHandle+FITS.swift */,
			);
			path = Extensions;
			sourceTree = "<group>";
		};
		10B5CC702A55801100A36387 /* FITS */ = {
			isa = PBXGroup;
			children = (
			);
			path = FITS;
			sourceTree = "<group>";
		};
		10B792542A621F3300291B6D /* Import */ = {
			isa = PBXGroup;
			children = (
				10B792552A621F4800291B6D /* FileImportContentView.swift */,
			);
			path = Import;
			sourceTree = "<group>";
		};
		10C432182A50F80F00E620DF = {
			isa = PBXGroup;
			children = (
				10C55BA62AAD62E9000BBC5E /* TargetExport */,
				10F646882A62B8A800DE27FE /* FileImport */,
				1096BDEE2A9AD3CE00420F4C /* FileProcessor */,
				10F646812A623D4C00DE27FE /* Processors */,
				10D833282A6000B300C63083 /* Views */,
				10F6468D2A62BBA800DE27FE /* Extensions */,
				10B5CC702A55801100A36387 /* FITS */,
				10E81F482A51088800846852 /* Model */,
				10C432232A50F80F00E620DF /* Astro */,
				10C4323A2A50F81000E620DF /* AstroTests */,
				10C432442A50F81000E620DF /* AstroUITests */,
				10C432222A50F80F00E620DF /* Products */,
			);
			sourceTree = "<group>";
		};
		10C432222A50F80F00E620DF /* Products */ = {
			isa = PBXGroup;
			children = (
				10C432212A50F80F00E620DF /* Astro.app */,
				10C432372A50F81000E620DF /* AstroTests.xctest */,
				10C432412A50F81000E620DF /* AstroUITests.xctest */,
			);
			name = Products;
			sourceTree = "<group>";
		};
		10C432232A50F80F00E620DF /* Astro */ = {
			isa = PBXGroup;
			children = (
				107144FC2AFF0C790049E580 /* AstroRelease.entitlements */,
				10C432242A50F80F00E620DF /* AstroApp.swift */,
				10C432282A50F81000E620DF /* Assets.xcassets */,
				10C4322D2A50F81000E620DF /* Persistence.swift */,
				10C432262A50F80F00E620DF /* ContentView.swift */,
				10C432322A50F81000E620DF /* Astro.entitlements */,
				10C4322F2A50F81000E620DF /* Astro.xcdatamodeld */,
				10C4322A2A50F81000E620DF /* Preview Content */,
			);
			path = Astro;
			sourceTree = "<group>";
		};
		10C4322A2A50F81000E620DF /* Preview Content */ = {
			isa = PBXGroup;
			children = (
				10C4322B2A50F81000E620DF /* Preview Assets.xcassets */,
			);
			path = "Preview Content";
			sourceTree = "<group>";
		};
		10C4323A2A50F81000E620DF /* AstroTests */ = {
			isa = PBXGroup;
			children = (
				101B308E2A5912430094DDCF /* Astro.xctestplan */,
				10D8332E2A60015800C63083 /* TestAssets */,
			);
			path = AstroTests;
			sourceTree = "<group>";
		};
		10C432442A50F81000E620DF /* AstroUITests */ = {
			isa = PBXGroup;
			children = (
				10C432452A50F81000E620DF /* AstroUITests.swift */,
				10C432472A50F81000E620DF /* AstroUITestsLaunchTests.swift */,
			);
			path = AstroUITests;
			sourceTree = "<group>";
		};
		10C55BA62AAD62E9000BBC5E /* TargetExport */ = {
			isa = PBXGroup;
			children = (
				10C55BA72AAD6331000BBC5E /* TargetExportContentView.swift */,
				1089AA612AB53B78007D4E6B /* TargetExportController.swift */,
				1071451A2B01AC340049E580 /* TargetExportOperation.swift */,
				103D6CAD2B098D34006F9806 /* TargetExportController+Tests.swift */,
			);
			path = TargetExport;
			sourceTree = "<group>";
		};
		10D833282A6000B300C63083 /* Views */ = {
			isa = PBXGroup;
			children = (
				100D900E2AF2080900B2F648 /* Process */,
				1089AA632AB6842D007D4E6B /* Calibration */,
				100519462AA4218800C25AF6 /* Inspectors */,
				106D0FA52A7DE3A1003015EA /* Toolbar */,
				10B792542A621F3300291B6D /* Import */,
				10D8332C2A6000F700C63083 /* Sidebar */,
				10D8332A2A6000C700C63083 /* Targets */,
				10D833292A6000BC00C63083 /* Sessions */,
				10D8332B2A6000DE00C63083 /* Files */,
			);
			path = Views;
			sourceTree = "<group>";
		};
		10D833292A6000BC00C63083 /* Sessions */ = {
			isa = PBXGroup;
			children = (
				10D833142A5F75AC00C63083 /* SessionList.swift */,
				1038709C2A5E4F4100064EF1 /* SessionView.swift */,
			);
			path = Sessions;
			sourceTree = "<group>";
		};
		10D8332A2A6000C700C63083 /* Targets */ = {
			isa = PBXGroup;
			children = (
				10D833182A5F7C6F00C63083 /* TargetList.swift */,
				108F82232A60DB5E00061511 /* TargetView.swift */,
				105B76EB2B11F63100B3D069 /* TargetListItem.swift */,
			);
			path = Targets;
			sourceTree = "<group>";
		};
		10D8332B2A6000DE00C63083 /* Files */ = {
			isa = PBXGroup;
			children = (
				10D8331A2A5F7D1600C63083 /* FileList.swift */,
				102D542D2A63FAF300389791 /* FileBrowser.swift */,
				10E81F462A5104C300846852 /* FileGrid.swift */,
				100577482A7DF3AF000B0D2B /* FileTable.swift */,
				108F82252A60DE0000061511 /* FileViewer.swift */,
				1005774A2A7DF3E6000B0D2B /* Image */,
				1075E0CF2A7F30D100AF344A /* FileApproval.swift */,
			);
			path = Files;
			sourceTree = "<group>";
		};
		10D8332C2A6000F700C63083 /* Sidebar */ = {
			isa = PBXGroup;
			children = (
				10D833122A5F758000C63083 /* CategoryList.swift */,
			);
			path = Sidebar;
			sourceTree = "<group>";
		};
		10D8332D2A60011E00C63083 /* Previews */ = {
			isa = PBXGroup;
			children = (
				10E81F492A5108A000846852 /* File+PreviewProvider.swift */,
				1038709E2A5E4F8000064EF1 /* Session+PreviewProvider.swift */,
			);
			path = Previews;
			sourceTree = "<group>";
		};
		10D8332E2A60015800C63083 /* TestAssets */ = {
			isa = PBXGroup;
			children = (
				100AC98A2A6BEEE5009E6CBA /* 20230629 */,
				10D833312A60017C00C63083 /* Ekos.fits */,
				10D8332F2A60016800C63083 /* SGPro.fit */,
			);
			path = TestAssets;
			sourceTree = "<group>";
		};
		10E81F482A51088800846852 /* Model */ = {
			isa = PBXGroup;
			children = (
				10D833212A5FA46400C63083 /* File.swift */,
				1096BDF32A9AD5ED00420F4C /* FileStatistics.swift */,
				10903D592ABFCCA500065842 /* Filter.swift */,
				1005194C2AA425E800C25AF6 /* FileMetadata.swift */,
				1096BDED2A9AD2AE00420F4C /* Region.swift */,
				10D833242A5FA46A00C63083 /* Target.swift */,
				10B792572A6222D500291B6D /* Import.swift */,
				100AC98C2A6BEF57009E6CBA /* ImportTests.swift */,
				10C55BA92AAD64BD000BBC5E /* TargetExport.swift */,
				10D8331C2A5FA34000C63083 /* Session.swift */,
				10D8332D2A60011E00C63083 /* Previews */,
				10A85CC12A9EAAC6001196E0 /* File+Region.swift */,
				1062D7692A981B2300466086 /* File+RegionTests.swift */,
				10A85CC52A9EADB2001196E0 /* Region+Tests.swift */,
				107145122B005CCB0049E580 /* TargetBatch.swift */,
			);
			path = Model;
			sourceTree = "<group>";
		};
		10F646812A623D4C00DE27FE /* Processors */ = {
			isa = PBXGroup;
			children = (
				107144FE2B004C760049E580 /* External */,
				10F646822A623D5900DE27FE /* ImageProcessor.swift */,
				100D90132AF209E300B2F648 /* StackingOperation.swift */,
				100D90152AF20A2B00B2F648 /* CombinedProcessingOperation.swift */,
				100D90122AF209CD00B2F648 /* Stacking */,
				100D90112AF209B900B2F648 /* Stretch */,
			);
			path = Processors;
			sourceTree = "<group>";
		};
		10F646882A62B8A800DE27FE /* FileImport */ = {
			isa = PBXGroup;
			children = (
				10AABE892A67FB37000443B8 /* FileImportController.swift */,
				100AC9882A6B6F60009E6CBA /* FileImportControllerTests.swift */,
				10F646892A62B8D200DE27FE /* FileImporter.swift */,
				10AABE8B2A6A94AF000443B8 /* FileImporterTests.swift */,
				109D2DCD2A5ACA370024BBBD /* URL+FileType.swift */,
				10AABE8D2A6A99B5000443B8 /* URL+FileTypeTests.swift */,
				106702412A66A96900FD2DA6 /* FITS */,
			);
			path = FileImport;
			sourceTree = "<group>";
		};
		10F6468D2A62BBA800DE27FE /* Extensions */ = {
			isa = PBXGroup;
			children = (
				103870982A5E246800064EF1 /* Date+Session.swift */,
				1038709A2A5E24F200064EF1 /* Date+SessionTests.swift */,
				108F82292A61557600061511 /* CGImage+Format.swift */,
				103B8A612A65F44500B526C7 /* CGImage+Resize.swift */,
				1005194E2AA42C6F00C25AF6 /* File+Rotation.swift */,
				103B8A632A65F4A600B526C7 /* CGImage+Filter.swift */,
				105B76E52B11526F00B3D069 /* URL+Documents.swift */,
			);
			path = Extensions;
			sourceTree = "<group>";
		};
/* End PBXGroup section */

/* Begin PBXNativeTarget section */
		10C432202A50F80F00E620DF /* Astro */ = {
			isa = PBXNativeTarget;
			buildConfigurationList = 10C4324B2A50F81000E620DF /* Build configuration list for PBXNativeTarget "Astro" */;
			buildPhases = (
				10C4321D2A50F80F00E620DF /* Sources */,
				10C4321E2A50F80F00E620DF /* Frameworks */,
				10C4321F2A50F80F00E620DF /* Resources */,
			);
			buildRules = (
			);
			dependencies = (
			);
			name = Astro;
			productName = Astro;
			productReference = 10C432212A50F80F00E620DF /* Astro.app */;
			productType = "com.apple.product-type.application";
		};
		10C432362A50F81000E620DF /* AstroTests */ = {
			isa = PBXNativeTarget;
			buildConfigurationList = 10C4324E2A50F81000E620DF /* Build configuration list for PBXNativeTarget "AstroTests" */;
			buildPhases = (
				10C432332A50F81000E620DF /* Sources */,
				10C432342A50F81000E620DF /* Frameworks */,
				10C432352A50F81000E620DF /* Resources */,
			);
			buildRules = (
			);
			dependencies = (
				10C432392A50F81000E620DF /* PBXTargetDependency */,
			);
			name = AstroTests;
			productName = AstroTests;
			productReference = 10C432372A50F81000E620DF /* AstroTests.xctest */;
			productType = "com.apple.product-type.bundle.unit-test";
		};
		10C432402A50F81000E620DF /* AstroUITests */ = {
			isa = PBXNativeTarget;
			buildConfigurationList = 10C432512A50F81000E620DF /* Build configuration list for PBXNativeTarget "AstroUITests" */;
			buildPhases = (
				10C4323D2A50F81000E620DF /* Sources */,
				10C4323E2A50F81000E620DF /* Frameworks */,
				10C4323F2A50F81000E620DF /* Resources */,
			);
			buildRules = (
			);
			dependencies = (
				10C432432A50F81000E620DF /* PBXTargetDependency */,
			);
			name = AstroUITests;
			productName = AstroUITests;
			productReference = 10C432412A50F81000E620DF /* AstroUITests.xctest */;
			productType = "com.apple.product-type.bundle.ui-testing";
		};
/* End PBXNativeTarget section */

/* Begin PBXProject section */
		10C432192A50F80F00E620DF /* Project object */ = {
			isa = PBXProject;
			attributes = {
				BuildIndependentTargetsInParallel = 1;
				LastSwiftUpdateCheck = 1430;
				LastUpgradeCheck = 1500;
				TargetAttributes = {
					10C432202A50F80F00E620DF = {
						CreatedOnToolsVersion = 14.3.1;
					};
					10C432362A50F81000E620DF = {
						CreatedOnToolsVersion = 14.3.1;
						TestTargetID = 10C432202A50F80F00E620DF;
					};
					10C432402A50F81000E620DF = {
						CreatedOnToolsVersion = 14.3.1;
						TestTargetID = 10C432202A50F80F00E620DF;
					};
				};
			};
			buildConfigurationList = 10C4321C2A50F80F00E620DF /* Build configuration list for PBXProject "Astro" */;
			compatibilityVersion = "Xcode 14.0";
			developmentRegion = en;
			hasScannedForEncodings = 0;
			knownRegions = (
				en,
				Base,
			);
			mainGroup = 10C432182A50F80F00E620DF;
			productRefGroup = 10C432222A50F80F00E620DF /* Products */;
			projectDirPath = "";
			projectRoot = "";
			targets = (
				10C432202A50F80F00E620DF /* Astro */,
				10C432362A50F81000E620DF /* AstroTests */,
				10C432402A50F81000E620DF /* AstroUITests */,
			);
		};
/* End PBXProject section */

/* Begin PBXResourcesBuildPhase section */
		10C4321F2A50F80F00E620DF /* Resources */ = {
			isa = PBXResourcesBuildPhase;
			buildActionMask = 2147483647;
			files = (
				103D6CBA2B099CCE006F9806 /* PixInsightLightsIntegrationScriptTemplate.js in Resources */,
				100AC98B2A6BEEF0009E6CBA /* 20230629 in Resources */,
				10D833332A6001AA00C63083 /* Ekos.fits in Resources */,
				10D833342A6001AA00C63083 /* SGPro.fit in Resources */,
				10C4322C2A50F81000E620DF /* Preview Assets.xcassets in Resources */,
				107145192B006B4A0049E580 /* PixInsightCalibrationScriptTemplate.js in Resources */,
				10148DF52B08428A00C4C051 /* PixInsightRegistrationScriptTemplate.js in Resources */,
				10C432292A50F81000E620DF /* Assets.xcassets in Resources */,
				1071450F2B0054380049E580 /* PixInsightFlatsIntegrationScriptTemplate.js in Resources */,
			);
			runOnlyForDeploymentPostprocessing = 0;
		};
		10C432352A50F81000E620DF /* Resources */ = {
			isa = PBXResourcesBuildPhase;
			buildActionMask = 2147483647;
			files = (
				10D833302A60016800C63083 /* SGPro.fit in Resources */,
				10D833322A60017C00C63083 /* Ekos.fits in Resources */,
			);
			runOnlyForDeploymentPostprocessing = 0;
		};
		10C4323F2A50F81000E620DF /* Resources */ = {
			isa = PBXResourcesBuildPhase;
			buildActionMask = 2147483647;
			files = (
			);
			runOnlyForDeploymentPostprocessing = 0;
		};
/* End PBXResourcesBuildPhase section */

/* Begin PBXSourcesBuildPhase section */
		10C4321D2A50F80F00E620DF /* Sources */ = {
			isa = PBXSourcesBuildPhase;
			buildActionMask = 2147483647;
			files = (
				10C4322E2A50F81000E620DF /* Persistence.swift in Sources */,
				1075E0D02A7F30D100AF344A /* FileApproval.swift in Sources */,
				10A85CC22A9EAAC6001196E0 /* File+Region.swift in Sources */,
				1089AA652AB6843D007D4E6B /* CalibrationView.swift in Sources */,
				105B76EC2B11F63100B3D069 /* TargetListItem.swift in Sources */,
				1005194A2AA421AC00C25AF6 /* FileMetadataInspectorPane.swift in Sources */,
				10B792562A621F4800291B6D /* FileImportContentView.swift in Sources */,
				106BD33F2A6CCF9A00DE947D /* FIlteredImage.swift in Sources */,
				107145032B004CB90049E580 /* PixInsightProcessor.swift in Sources */,
				101A38342AC8E217008DBB4C /* CalibrationSessionFilterLightView.swift in Sources */,
				108F82242A60DB5E00061511 /* TargetView.swift in Sources */,
				103E22562AA2BF7B00B35FA6 /* StretchFilter.swift in Sources */,
				100D900B2AE48D2200B2F648 /* CalibrationSessionListFilterView.swift in Sources */,
				10A85CC32A9EAD50001196E0 /* FileStatistics.swift in Sources */,
				109D2DCE2A5ACA370024BBBD /* URL+FileType.swift in Sources */,
				10E81F4A2A5108A000846852 /* File+PreviewProvider.swift in Sources */,
				10F6468A2A62B8D200DE27FE /* FileImporter.swift in Sources */,
				107145002B004CA00049E580 /* ExternalProcessor.swift in Sources */,
				101A38322AC8E1D3008DBB4C /* CalibrationSessionFilterFlatView.swift in Sources */,
				100577492A7DF3AF000B0D2B /* FileTable.swift in Sources */,
				10C432272A50F80F00E620DF /* ContentView.swift in Sources */,
				105B76E62B11526F00B3D069 /* URL+Documents.swift in Sources */,
				109D2DC62A5AC47D0024BBBD /* FITSFile.swift in Sources */,
				1071450D2B004FEF0049E580 /* PixInsightScript.swift in Sources */,
				100D90102AF2084800B2F648 /* ImageProcessorContentView.swift in Sources */,
				106D0FA72A7DE3C0003015EA /* FileListModePicker.swift in Sources */,
				10C55BAB2AAD6561000BBC5E /* TargetExport.swift in Sources */,
				103B8A622A65F44500B526C7 /* CGImage+Resize.swift in Sources */,
				10D833232A5FA46400C63083 /* File.swift in Sources */,
				1071450B2B004DED0049E580 /* ExternalProcessingOperationQueue.swift in Sources */,
				100D900D2AE4A39900B2F648 /* CalibrationSessionListSessionView.swift in Sources */,
				10148DF32B083EEC00C4C051 /* PixInsightRegistrationOperation.swift in Sources */,
				10B792582A6222D500291B6D /* Import.swift in Sources */,
				1096BDF22A9AD48900420F4C /* FileProcessController.swift in Sources */,
				10A85CC42A9EAD57001196E0 /* Region.swift in Sources */,
				1071451B2B01AC340049E580 /* TargetExportOperation.swift in Sources */,
				10AABE8A2A67FB37000443B8 /* FileImportController.swift in Sources */,
				107145092B004D2C0049E580 /* PixInsightIntegrationOperation.swift in Sources */,
				10C432252A50F80F00E620DF /* AstroApp.swift in Sources */,
				108F822A2A61557600061511 /* CGImage+Format.swift in Sources */,
				10D833152A5F75AC00C63083 /* SessionList.swift in Sources */,
				1038709F2A5E4F8000064EF1 /* Session+PreviewProvider.swift in Sources */,
				100519452AA4209400C25AF6 /* ImageInspector.swift in Sources */,
				10D8331D2A5FA34000C63083 /* Session.swift in Sources */,
				10903D5A2ABFCD4F00065842 /* Filter.swift in Sources */,
				105B76EA2B11B70300B3D069 /* PixInsightInstance.swift in Sources */,
				1005194F2AA42C6F00C25AF6 /* File+Rotation.swift in Sources */,
				103E22582AA2BF8400B35FA6 /* Stretch.metal in Sources */,
				10D833132A5F758000C63083 /* CategoryList.swift in Sources */,
				101A382E2AC8DFB7008DBB4C /* CalibrationSessionView.swift in Sources */,
				102D542E2A63FAF300389791 /* FileBrowser.swift in Sources */,
				107145072B004D0B0049E580 /* ExternalProcessingOperation.swift in Sources */,
				10D8331B2A5F7D1600C63083 /* FileList.swift in Sources */,
				10B5CC722A55801E00A36387 /* FITSHeaderKeyword.swift in Sources */,
				103B8A642A65F4A600B526C7 /* CGImage+Filter.swift in Sources */,
				10C55BA82AAD6331000BBC5E /* TargetExportContentView.swift in Sources */,
				1038709D2A5E4F4100064EF1 /* SessionView.swift in Sources */,
				1092FB292AB68B1700CD69BD /* CalibrationSessionList.swift in Sources */,
				1096BDF02A9AD3E500420F4C /* FileProcessOperation.swift in Sources */,
				10F646852A629FCA00DE27FE /* AverageStacking.metal in Sources */,
				101A38302AC8DFC1008DBB4C /* CalibrationSessionFilterView.swift in Sources */,
				103CF3222A8C3D5D0051F593 /* StarRectsView.swift in Sources */,
				10F646832A623D5900DE27FE /* ImageProcessor.swift in Sources */,
				10D833262A5FA46A00C63083 /* Target.swift in Sources */,
				10E81F472A5104C300846852 /* FileGrid.swift in Sources */,
				1089AA622AB53B78007D4E6B /* TargetExportController.swift in Sources */,
				10C432312A50F81000E620DF /* Astro.xcdatamodeld in Sources */,
				1005194D2AA4267B00C25AF6 /* FileMetadata.swift in Sources */,
				100D90142AF209E300B2F648 /* StackingOperation.swift in Sources */,
				107145172B006B370049E580 /* PixInsightCalibrationOperation.swift in Sources */,
				10F646872A629FED00DE27FE /* AverageStackingFilter.swift in Sources */,
				107145132B005CCB0049E580 /* TargetBatch.swift in Sources */,
				109D2DCA2A5AC5ED0024BBBD /* FileHandle+FITS.swift in Sources */,
				100D90162AF20A2B00B2F648 /* CombinedProcessingOperation.swift in Sources */,
				108DD7EE2A5AA8F3002A7549 /* Date+FITS.swift in Sources */,
				108F82262A60DE0000061511 /* FileViewer.swift in Sources */,
				103870992A5E246800064EF1 /* Date+Session.swift in Sources */,
				10F6468C2A62B8EB00DE27FE /* FITSFileImporter.swift in Sources */,
				10D833192A5F7C6F00C63083 /* TargetList.swift in Sources */,
			);
			runOnlyForDeploymentPostprocessing = 0;
		};
		10C432332A50F81000E620DF /* Sources */ = {
			isa = PBXSourcesBuildPhase;
			buildActionMask = 2147483647;
			files = (
				10AABE8E2A6A99B5000443B8 /* URL+FileTypeTests.swift in Sources */,
				100AC9902A6BF388009E6CBA /* Date+FITSTests.swift in Sources */,
				103D6CAE2B098D34006F9806 /* TargetExportController+Tests.swift in Sources */,
				100AC9892A6B6F60009E6CBA /* FileImportControllerTests.swift in Sources */,
				100AC98D2A6BEF57009E6CBA /* ImportTests.swift in Sources */,
				109D2DC82A5AC5430024BBBD /* FITSHeaderKeywordTests.swift in Sources */,
				10A85CC62A9EADB2001196E0 /* Region+Tests.swift in Sources */,
				100AC9922A6BF399009E6CBA /* Date+SessionTests.swift in Sources */,
				10AABE8C2A6A94AF000443B8 /* FileImporterTests.swift in Sources */,
				1062D76A2A981BD100466086 /* File+RegionTests.swift in Sources */,
			);
			runOnlyForDeploymentPostprocessing = 0;
		};
		10C4323D2A50F81000E620DF /* Sources */ = {
			isa = PBXSourcesBuildPhase;
			buildActionMask = 2147483647;
			files = (
				10C432482A50F81000E620DF /* AstroUITestsLaunchTests.swift in Sources */,
				10C432462A50F81000E620DF /* AstroUITests.swift in Sources */,
			);
			runOnlyForDeploymentPostprocessing = 0;
		};
/* End PBXSourcesBuildPhase section */

/* Begin PBXTargetDependency section */
		10C432392A50F81000E620DF /* PBXTargetDependency */ = {
			isa = PBXTargetDependency;
			target = 10C432202A50F80F00E620DF /* Astro */;
			targetProxy = 10C432382A50F81000E620DF /* PBXContainerItemProxy */;
		};
		10C432432A50F81000E620DF /* PBXTargetDependency */ = {
			isa = PBXTargetDependency;
			target = 10C432202A50F80F00E620DF /* Astro */;
			targetProxy = 10C432422A50F81000E620DF /* PBXContainerItemProxy */;
		};
/* End PBXTargetDependency section */

/* Begin XCBuildConfiguration section */
		10C432492A50F81000E620DF /* Debug */ = {
			isa = XCBuildConfiguration;
			buildSettings = {
				ALWAYS_SEARCH_USER_PATHS = NO;
				CLANG_ANALYZER_NONNULL = YES;
				CLANG_ANALYZER_NUMBER_OBJECT_CONVERSION = YES_AGGRESSIVE;
				CLANG_CXX_LANGUAGE_STANDARD = "gnu++20";
				CLANG_ENABLE_MODULES = YES;
				CLANG_ENABLE_OBJC_ARC = YES;
				CLANG_ENABLE_OBJC_WEAK = YES;
				CLANG_WARN_BLOCK_CAPTURE_AUTORELEASING = YES;
				CLANG_WARN_BOOL_CONVERSION = YES;
				CLANG_WARN_COMMA = YES;
				CLANG_WARN_CONSTANT_CONVERSION = YES;
				CLANG_WARN_DEPRECATED_OBJC_IMPLEMENTATIONS = YES;
				CLANG_WARN_DIRECT_OBJC_ISA_USAGE = YES_ERROR;
				CLANG_WARN_DOCUMENTATION_COMMENTS = YES;
				CLANG_WARN_EMPTY_BODY = YES;
				CLANG_WARN_ENUM_CONVERSION = YES;
				CLANG_WARN_INFINITE_RECURSION = YES;
				CLANG_WARN_INT_CONVERSION = YES;
				CLANG_WARN_NON_LITERAL_NULL_CONVERSION = YES;
				CLANG_WARN_OBJC_IMPLICIT_RETAIN_SELF = YES;
				CLANG_WARN_OBJC_LITERAL_CONVERSION = YES;
				CLANG_WARN_OBJC_ROOT_CLASS = YES_ERROR;
				CLANG_WARN_QUOTED_INCLUDE_IN_FRAMEWORK_HEADER = YES;
				CLANG_WARN_RANGE_LOOP_ANALYSIS = YES;
				CLANG_WARN_STRICT_PROTOTYPES = YES;
				CLANG_WARN_SUSPICIOUS_MOVE = YES;
				CLANG_WARN_UNGUARDED_AVAILABILITY = YES_AGGRESSIVE;
				CLANG_WARN_UNREACHABLE_CODE = YES;
				CLANG_WARN__DUPLICATE_METHOD_MATCH = YES;
				COPY_PHASE_STRIP = NO;
				DEAD_CODE_STRIPPING = YES;
				DEBUG_INFORMATION_FORMAT = dwarf;
				ENABLE_STRICT_OBJC_MSGSEND = YES;
				ENABLE_TESTABILITY = YES;
				ENABLE_USER_SCRIPT_SANDBOXING = YES;
				GCC_C_LANGUAGE_STANDARD = gnu11;
				GCC_DYNAMIC_NO_PIC = NO;
				GCC_NO_COMMON_BLOCKS = YES;
				GCC_OPTIMIZATION_LEVEL = 0;
				GCC_PREPROCESSOR_DEFINITIONS = (
					"DEBUG=1",
					"$(inherited)",
				);
				GCC_WARN_64_TO_32_BIT_CONVERSION = YES;
				GCC_WARN_ABOUT_RETURN_TYPE = YES_ERROR;
				GCC_WARN_UNDECLARED_SELECTOR = YES;
				GCC_WARN_UNINITIALIZED_AUTOS = YES_AGGRESSIVE;
				GCC_WARN_UNUSED_FUNCTION = YES;
				GCC_WARN_UNUSED_VARIABLE = YES;
				MACOSX_DEPLOYMENT_TARGET = 13.3;
				MTL_ENABLE_DEBUG_INFO = INCLUDE_SOURCE;
				MTL_FAST_MATH = YES;
				ONLY_ACTIVE_ARCH = YES;
				SDKROOT = macosx;
				SWIFT_ACTIVE_COMPILATION_CONDITIONS = DEBUG;
				SWIFT_OPTIMIZATION_LEVEL = "-Onone";
			};
			name = Debug;
		};
		10C4324A2A50F81000E620DF /* Release */ = {
			isa = XCBuildConfiguration;
			buildSettings = {
				ALWAYS_SEARCH_USER_PATHS = NO;
				CLANG_ANALYZER_NONNULL = YES;
				CLANG_ANALYZER_NUMBER_OBJECT_CONVERSION = YES_AGGRESSIVE;
				CLANG_CXX_LANGUAGE_STANDARD = "gnu++20";
				CLANG_ENABLE_MODULES = YES;
				CLANG_ENABLE_OBJC_ARC = YES;
				CLANG_ENABLE_OBJC_WEAK = YES;
				CLANG_WARN_BLOCK_CAPTURE_AUTORELEASING = YES;
				CLANG_WARN_BOOL_CONVERSION = YES;
				CLANG_WARN_COMMA = YES;
				CLANG_WARN_CONSTANT_CONVERSION = YES;
				CLANG_WARN_DEPRECATED_OBJC_IMPLEMENTATIONS = YES;
				CLANG_WARN_DIRECT_OBJC_ISA_USAGE = YES_ERROR;
				CLANG_WARN_DOCUMENTATION_COMMENTS = YES;
				CLANG_WARN_EMPTY_BODY = YES;
				CLANG_WARN_ENUM_CONVERSION = YES;
				CLANG_WARN_INFINITE_RECURSION = YES;
				CLANG_WARN_INT_CONVERSION = YES;
				CLANG_WARN_NON_LITERAL_NULL_CONVERSION = YES;
				CLANG_WARN_OBJC_IMPLICIT_RETAIN_SELF = YES;
				CLANG_WARN_OBJC_LITERAL_CONVERSION = YES;
				CLANG_WARN_OBJC_ROOT_CLASS = YES_ERROR;
				CLANG_WARN_QUOTED_INCLUDE_IN_FRAMEWORK_HEADER = YES;
				CLANG_WARN_RANGE_LOOP_ANALYSIS = YES;
				CLANG_WARN_STRICT_PROTOTYPES = YES;
				CLANG_WARN_SUSPICIOUS_MOVE = YES;
				CLANG_WARN_UNGUARDED_AVAILABILITY = YES_AGGRESSIVE;
				CLANG_WARN_UNREACHABLE_CODE = YES;
				CLANG_WARN__DUPLICATE_METHOD_MATCH = YES;
				COPY_PHASE_STRIP = NO;
				DEAD_CODE_STRIPPING = YES;
				DEBUG_INFORMATION_FORMAT = "dwarf-with-dsym";
				ENABLE_NS_ASSERTIONS = NO;
				ENABLE_STRICT_OBJC_MSGSEND = YES;
				ENABLE_USER_SCRIPT_SANDBOXING = YES;
				GCC_C_LANGUAGE_STANDARD = gnu11;
				GCC_NO_COMMON_BLOCKS = YES;
				GCC_WARN_64_TO_32_BIT_CONVERSION = YES;
				GCC_WARN_ABOUT_RETURN_TYPE = YES_ERROR;
				GCC_WARN_UNDECLARED_SELECTOR = YES;
				GCC_WARN_UNINITIALIZED_AUTOS = YES_AGGRESSIVE;
				GCC_WARN_UNUSED_FUNCTION = YES;
				GCC_WARN_UNUSED_VARIABLE = YES;
				MACOSX_DEPLOYMENT_TARGET = 13.3;
				MTL_ENABLE_DEBUG_INFO = NO;
				MTL_FAST_MATH = YES;
				SDKROOT = macosx;
				SWIFT_COMPILATION_MODE = wholemodule;
				SWIFT_OPTIMIZATION_LEVEL = "-O";
			};
			name = Release;
		};
		10C4324C2A50F81000E620DF /* Debug */ = {
			isa = XCBuildConfiguration;
			buildSettings = {
				ASSETCATALOG_COMPILER_APPICON_NAME = AppIcon;
				ASSETCATALOG_COMPILER_GLOBAL_ACCENT_COLOR_NAME = AccentColor;
				CODE_SIGN_ENTITLEMENTS = Astro/Astro.entitlements;
				CODE_SIGN_STYLE = Automatic;
				COMBINE_HIDPI_IMAGES = YES;
				CURRENT_PROJECT_VERSION = 1;
				DEAD_CODE_STRIPPING = YES;
				DEVELOPMENT_ASSET_PATHS = "\"Astro/Preview Content\"";
				DEVELOPMENT_TEAM = L2FNT8KD94;
				ENABLE_HARDENED_RUNTIME = NO;
				ENABLE_PREVIEWS = YES;
				GENERATE_INFOPLIST_FILE = YES;
				INFOPLIST_KEY_NSHumanReadableCopyright = "";
				LD_RUNPATH_SEARCH_PATHS = (
					"$(inherited)",
					"@executable_path/../Frameworks",
				);
				MACOSX_DEPLOYMENT_TARGET = 14.0;
				MARKETING_VERSION = 1.0;
				MTLLINKER_FLAGS = "-fcikernel";
				MTL_COMPILER_FLAGS = "-fcikernel";
				PRODUCT_BUNDLE_IDENTIFIER = com.jdotw.Astro;
				PRODUCT_NAME = "$(TARGET_NAME)";
				SWIFT_EMIT_LOC_STRINGS = YES;
				SWIFT_VERSION = 5.0;
			};
			name = Debug;
		};
		10C4324D2A50F81000E620DF /* Release */ = {
			isa = XCBuildConfiguration;
			buildSettings = {
				ASSETCATALOG_COMPILER_APPICON_NAME = AppIcon;
				ASSETCATALOG_COMPILER_GLOBAL_ACCENT_COLOR_NAME = AccentColor;
				CODE_SIGN_ENTITLEMENTS = Astro/AstroRelease.entitlements;
				CODE_SIGN_STYLE = Automatic;
				COMBINE_HIDPI_IMAGES = YES;
				CURRENT_PROJECT_VERSION = 1;
				DEAD_CODE_STRIPPING = YES;
				DEVELOPMENT_ASSET_PATHS = "\"Astro/Preview Content\"";
				DEVELOPMENT_TEAM = L2FNT8KD94;
				ENABLE_HARDENED_RUNTIME = NO;
				ENABLE_PREVIEWS = YES;
				GENERATE_INFOPLIST_FILE = YES;
				INFOPLIST_KEY_NSHumanReadableCopyright = "";
				LD_RUNPATH_SEARCH_PATHS = (
					"$(inherited)",
					"@executable_path/../Frameworks",
				);
				MACOSX_DEPLOYMENT_TARGET = 14.0;
				MARKETING_VERSION = 1.0;
				MTLLINKER_FLAGS = "-fcikernel";
				MTL_COMPILER_FLAGS = "-fcikernel";
				PRODUCT_BUNDLE_IDENTIFIER = com.jdotw.Astro;
				PRODUCT_NAME = "$(TARGET_NAME)";
				SWIFT_EMIT_LOC_STRINGS = YES;
				SWIFT_VERSION = 5.0;
			};
			name = Release;
		};
		10C4324F2A50F81000E620DF /* Debug */ = {
			isa = XCBuildConfiguration;
			buildSettings = {
				ALWAYS_EMBED_SWIFT_STANDARD_LIBRARIES = YES;
				BUNDLE_LOADER = "$(TEST_HOST)";
				CODE_SIGN_STYLE = Automatic;
				CURRENT_PROJECT_VERSION = 1;
				DEAD_CODE_STRIPPING = YES;
				DEVELOPMENT_TEAM = L2FNT8KD94;
				GENERATE_INFOPLIST_FILE = YES;
				MACOSX_DEPLOYMENT_TARGET = 14.0;
				MARKETING_VERSION = 1.0;
				PRODUCT_BUNDLE_IDENTIFIER = com.jdotw.AstroTests;
				PRODUCT_NAME = "$(TARGET_NAME)";
				SWIFT_EMIT_LOC_STRINGS = NO;
				SWIFT_VERSION = 5.0;
				TEST_HOST = "$(BUILT_PRODUCTS_DIR)/Astro.app/$(BUNDLE_EXECUTABLE_FOLDER_PATH)/Astro";
			};
			name = Debug;
		};
		10C432502A50F81000E620DF /* Release */ = {
			isa = XCBuildConfiguration;
			buildSettings = {
				ALWAYS_EMBED_SWIFT_STANDARD_LIBRARIES = YES;
				BUNDLE_LOADER = "$(TEST_HOST)";
				CODE_SIGN_STYLE = Automatic;
				CURRENT_PROJECT_VERSION = 1;
				DEAD_CODE_STRIPPING = YES;
				DEVELOPMENT_TEAM = L2FNT8KD94;
				GENERATE_INFOPLIST_FILE = YES;
				MACOSX_DEPLOYMENT_TARGET = 14.0;
				MARKETING_VERSION = 1.0;
				PRODUCT_BUNDLE_IDENTIFIER = com.jdotw.AstroTests;
				PRODUCT_NAME = "$(TARGET_NAME)";
				SWIFT_EMIT_LOC_STRINGS = NO;
				SWIFT_VERSION = 5.0;
				TEST_HOST = "$(BUILT_PRODUCTS_DIR)/Astro.app/$(BUNDLE_EXECUTABLE_FOLDER_PATH)/Astro";
			};
			name = Release;
		};
		10C432522A50F81000E620DF /* Debug */ = {
			isa = XCBuildConfiguration;
			buildSettings = {
				ALWAYS_EMBED_SWIFT_STANDARD_LIBRARIES = YES;
				CODE_SIGN_STYLE = Automatic;
				CURRENT_PROJECT_VERSION = 1;
				DEAD_CODE_STRIPPING = YES;
				DEVELOPMENT_TEAM = L2FNT8KD94;
				GENERATE_INFOPLIST_FILE = YES;
				MACOSX_DEPLOYMENT_TARGET = 14.0;
				MARKETING_VERSION = 1.0;
				PRODUCT_BUNDLE_IDENTIFIER = com.jdotw.AstroUITests;
				PRODUCT_NAME = "$(TARGET_NAME)";
				SWIFT_EMIT_LOC_STRINGS = NO;
				SWIFT_VERSION = 5.0;
				TEST_TARGET_NAME = Astro;
			};
			name = Debug;
		};
		10C432532A50F81000E620DF /* Release */ = {
			isa = XCBuildConfiguration;
			buildSettings = {
				ALWAYS_EMBED_SWIFT_STANDARD_LIBRARIES = YES;
				CODE_SIGN_STYLE = Automatic;
				CURRENT_PROJECT_VERSION = 1;
				DEAD_CODE_STRIPPING = YES;
				DEVELOPMENT_TEAM = L2FNT8KD94;
				GENERATE_INFOPLIST_FILE = YES;
				MACOSX_DEPLOYMENT_TARGET = 14.0;
				MARKETING_VERSION = 1.0;
				PRODUCT_BUNDLE_IDENTIFIER = com.jdotw.AstroUITests;
				PRODUCT_NAME = "$(TARGET_NAME)";
				SWIFT_EMIT_LOC_STRINGS = NO;
				SWIFT_VERSION = 5.0;
				TEST_TARGET_NAME = Astro;
			};
			name = Release;
		};
/* End XCBuildConfiguration section */

/* Begin XCConfigurationList section */
		10C4321C2A50F80F00E620DF /* Build configuration list for PBXProject "Astro" */ = {
			isa = XCConfigurationList;
			buildConfigurations = (
				10C432492A50F81000E620DF /* Debug */,
				10C4324A2A50F81000E620DF /* Release */,
			);
			defaultConfigurationIsVisible = 0;
			defaultConfigurationName = Release;
		};
		10C4324B2A50F81000E620DF /* Build configuration list for PBXNativeTarget "Astro" */ = {
			isa = XCConfigurationList;
			buildConfigurations = (
				10C4324C2A50F81000E620DF /* Debug */,
				10C4324D2A50F81000E620DF /* Release */,
			);
			defaultConfigurationIsVisible = 0;
			defaultConfigurationName = Release;
		};
		10C4324E2A50F81000E620DF /* Build configuration list for PBXNativeTarget "AstroTests" */ = {
			isa = XCConfigurationList;
			buildConfigurations = (
				10C4324F2A50F81000E620DF /* Debug */,
				10C432502A50F81000E620DF /* Release */,
			);
			defaultConfigurationIsVisible = 0;
			defaultConfigurationName = Release;
		};
		10C432512A50F81000E620DF /* Build configuration list for PBXNativeTarget "AstroUITests" */ = {
			isa = XCConfigurationList;
			buildConfigurations = (
				10C432522A50F81000E620DF /* Debug */,
				10C432532A50F81000E620DF /* Release */,
			);
			defaultConfigurationIsVisible = 0;
			defaultConfigurationName = Release;
		};
/* End XCConfigurationList section */

/* Begin XCVersionGroup section */
		10C4322F2A50F81000E620DF /* Astro.xcdatamodeld */ = {
			isa = XCVersionGroup;
			children = (
				10C432302A50F81000E620DF /* Astro.xcdatamodel */,
			);
			currentVersion = 10C432302A50F81000E620DF /* Astro.xcdatamodel */;
			path = Astro.xcdatamodeld;
			sourceTree = "<group>";
			versionGroupType = wrapper.xcdatamodel;
		};
/* End XCVersionGroup section */
	};
	rootObject = 10C432192A50F80F00E620DF /* Project object */;
}
