// !$*UTF8*$!
{
	archiveVersion = 1;
	classes = {
	};
	objectVersion = 56;
	objects = {

/* Begin PBXBuildFile section */
		103870992A5E246800064EF1 /* Date+Session.swift in Sources */ = {isa = PBXBuildFile; fileRef = 103870982A5E246800064EF1 /* Date+Session.swift */; };
		1038709B2A5E24F200064EF1 /* Date+SessionTests.swift in Sources */ = {isa = PBXBuildFile; fileRef = 1038709A2A5E24F200064EF1 /* Date+SessionTests.swift */; };
		108DD7EA2A5AA57B002A7549 /* FITSCGImageInfo.swift in Sources */ = {isa = PBXBuildFile; fileRef = 108DD7E92A5AA57B002A7549 /* FITSCGImageInfo.swift */; };
		108DD7EC2A5AA59A002A7549 /* FITSCGImageInfoTests.swift in Sources */ = {isa = PBXBuildFile; fileRef = 108DD7EB2A5AA59A002A7549 /* FITSCGImageInfoTests.swift */; };
		108DD7EE2A5AA8F3002A7549 /* Date+FITS.swift in Sources */ = {isa = PBXBuildFile; fileRef = 108DD7ED2A5AA8F3002A7549 /* Date+FITS.swift */; };
		108DD7F02A5AA907002A7549 /* Date+FITSTests.swift in Sources */ = {isa = PBXBuildFile; fileRef = 108DD7EF2A5AA907002A7549 /* Date+FITSTests.swift */; };
		109D2DC62A5AC47D0024BBBD /* FITSFile.swift in Sources */ = {isa = PBXBuildFile; fileRef = 109D2DC52A5AC47D0024BBBD /* FITSFile.swift */; };
		109D2DC82A5AC5430024BBBD /* FITSHeaderKeywordTests.swift in Sources */ = {isa = PBXBuildFile; fileRef = 109D2DC72A5AC5430024BBBD /* FITSHeaderKeywordTests.swift */; };
		109D2DCA2A5AC5ED0024BBBD /* FileHandle+FITS.swift in Sources */ = {isa = PBXBuildFile; fileRef = 109D2DC92A5AC5ED0024BBBD /* FileHandle+FITS.swift */; };
		109D2DCE2A5ACA370024BBBD /* URL+FITS.swift in Sources */ = {isa = PBXBuildFile; fileRef = 109D2DCD2A5ACA370024BBBD /* URL+FITS.swift */; };
		109D2DD02A5ACAD00024BBBD /* URL+FITSTests.swift in Sources */ = {isa = PBXBuildFile; fileRef = 109D2DCF2A5ACAD00024BBBD /* URL+FITSTests.swift */; };
		10B5CC722A55801E00A36387 /* FITSHeaderKeyword.swift in Sources */ = {isa = PBXBuildFile; fileRef = 10B5CC712A55801E00A36387 /* FITSHeaderKeyword.swift */; };
		10C164BA2A590B2C002BBCCD /* AstroTests.swift in Sources */ = {isa = PBXBuildFile; fileRef = 10C164B92A590B2C002BBCCD /* AstroTests.swift */; };
		10C432252A50F80F00E620DF /* AstroApp.swift in Sources */ = {isa = PBXBuildFile; fileRef = 10C432242A50F80F00E620DF /* AstroApp.swift */; };
		10C432272A50F80F00E620DF /* ContentView.swift in Sources */ = {isa = PBXBuildFile; fileRef = 10C432262A50F80F00E620DF /* ContentView.swift */; };
		10C432292A50F81000E620DF /* Assets.xcassets in Resources */ = {isa = PBXBuildFile; fileRef = 10C432282A50F81000E620DF /* Assets.xcassets */; };
		10C4322C2A50F81000E620DF /* Preview Assets.xcassets in Resources */ = {isa = PBXBuildFile; fileRef = 10C4322B2A50F81000E620DF /* Preview Assets.xcassets */; };
		10C4322E2A50F81000E620DF /* Persistence.swift in Sources */ = {isa = PBXBuildFile; fileRef = 10C4322D2A50F81000E620DF /* Persistence.swift */; };
		10C432312A50F81000E620DF /* Astro.xcdatamodeld in Sources */ = {isa = PBXBuildFile; fileRef = 10C4322F2A50F81000E620DF /* Astro.xcdatamodeld */; };
		10C432462A50F81000E620DF /* AstroUITests.swift in Sources */ = {isa = PBXBuildFile; fileRef = 10C432452A50F81000E620DF /* AstroUITests.swift */; };
		10C432482A50F81000E620DF /* AstroUITestsLaunchTests.swift in Sources */ = {isa = PBXBuildFile; fileRef = 10C432472A50F81000E620DF /* AstroUITestsLaunchTests.swift */; };
		10CC0D702A58EDB1006B7A62 /* FITSFileTests.swift in Sources */ = {isa = PBXBuildFile; fileRef = 10CC0D6F2A58EDB1006B7A62 /* FITSFileTests.swift */; };
		10E81F472A5104C300846852 /* FileView.swift in Sources */ = {isa = PBXBuildFile; fileRef = 10E81F462A5104C300846852 /* FileView.swift */; };
		10E81F4A2A5108A000846852 /* File+PreviewProvider.swift in Sources */ = {isa = PBXBuildFile; fileRef = 10E81F492A5108A000846852 /* File+PreviewProvider.swift */; };
/* End PBXBuildFile section */

/* Begin PBXContainerItemProxy section */
		10C432382A50F81000E620DF /* PBXContainerItemProxy */ = {
			isa = PBXContainerItemProxy;
			containerPortal = 10C432192A50F80F00E620DF /* Project object */;
			proxyType = 1;
			remoteGlobalIDString = 10C432202A50F80F00E620DF;
			remoteInfo = Astro;
		};
		10C432422A50F81000E620DF /* PBXContainerItemProxy */ = {
			isa = PBXContainerItemProxy;
			containerPortal = 10C432192A50F80F00E620DF /* Project object */;
			proxyType = 1;
			remoteGlobalIDString = 10C432202A50F80F00E620DF;
			remoteInfo = Astro;
		};
/* End PBXContainerItemProxy section */

/* Begin PBXFileReference section */
		101B308E2A5912430094DDCF /* Astro.xctestplan */ = {isa = PBXFileReference; lastKnownFileType = text; path = Astro.xctestplan; sourceTree = "<group>"; };
		103870982A5E246800064EF1 /* Date+Session.swift */ = {isa = PBXFileReference; lastKnownFileType = sourcecode.swift; path = "Date+Session.swift"; sourceTree = "<group>"; };
		1038709A2A5E24F200064EF1 /* Date+SessionTests.swift */ = {isa = PBXFileReference; lastKnownFileType = sourcecode.swift; path = "Date+SessionTests.swift"; sourceTree = "<group>"; };
		108DD7E92A5AA57B002A7549 /* FITSCGImageInfo.swift */ = {isa = PBXFileReference; lastKnownFileType = sourcecode.swift; path = FITSCGImageInfo.swift; sourceTree = "<group>"; };
		108DD7EB2A5AA59A002A7549 /* FITSCGImageInfoTests.swift */ = {isa = PBXFileReference; lastKnownFileType = sourcecode.swift; path = FITSCGImageInfoTests.swift; sourceTree = "<group>"; };
		108DD7ED2A5AA8F3002A7549 /* Date+FITS.swift */ = {isa = PBXFileReference; lastKnownFileType = sourcecode.swift; path = "Date+FITS.swift"; sourceTree = "<group>"; };
		108DD7EF2A5AA907002A7549 /* Date+FITSTests.swift */ = {isa = PBXFileReference; lastKnownFileType = sourcecode.swift; path = "Date+FITSTests.swift"; sourceTree = "<group>"; };
		109D2DC52A5AC47D0024BBBD /* FITSFile.swift */ = {isa = PBXFileReference; lastKnownFileType = sourcecode.swift; path = FITSFile.swift; sourceTree = "<group>"; };
		109D2DC72A5AC5430024BBBD /* FITSHeaderKeywordTests.swift */ = {isa = PBXFileReference; lastKnownFileType = sourcecode.swift; path = FITSHeaderKeywordTests.swift; sourceTree = "<group>"; };
		109D2DC92A5AC5ED0024BBBD /* FileHandle+FITS.swift */ = {isa = PBXFileReference; lastKnownFileType = sourcecode.swift; path = "FileHandle+FITS.swift"; sourceTree = "<group>"; };
		109D2DCD2A5ACA370024BBBD /* URL+FITS.swift */ = {isa = PBXFileReference; lastKnownFileType = sourcecode.swift; path = "URL+FITS.swift"; sourceTree = "<group>"; };
		109D2DCF2A5ACAD00024BBBD /* URL+FITSTests.swift */ = {isa = PBXFileReference; lastKnownFileType = sourcecode.swift; path = "URL+FITSTests.swift"; sourceTree = "<group>"; };
		10B5CC712A55801E00A36387 /* FITSHeaderKeyword.swift */ = {isa = PBXFileReference; lastKnownFileType = sourcecode.swift; path = FITSHeaderKeyword.swift; sourceTree = "<group>"; };
		10C164B92A590B2C002BBCCD /* AstroTests.swift */ = {isa = PBXFileReference; fileEncoding = 4; lastKnownFileType = sourcecode.swift; path = AstroTests.swift; sourceTree = "<group>"; };
		10C432212A50F80F00E620DF /* Astro.app */ = {isa = PBXFileReference; explicitFileType = wrapper.application; includeInIndex = 0; path = Astro.app; sourceTree = BUILT_PRODUCTS_DIR; };
		10C432242A50F80F00E620DF /* AstroApp.swift */ = {isa = PBXFileReference; lastKnownFileType = sourcecode.swift; path = AstroApp.swift; sourceTree = "<group>"; };
		10C432262A50F80F00E620DF /* ContentView.swift */ = {isa = PBXFileReference; lastKnownFileType = sourcecode.swift; path = ContentView.swift; sourceTree = "<group>"; };
		10C432282A50F81000E620DF /* Assets.xcassets */ = {isa = PBXFileReference; lastKnownFileType = folder.assetcatalog; path = Assets.xcassets; sourceTree = "<group>"; };
		10C4322B2A50F81000E620DF /* Preview Assets.xcassets */ = {isa = PBXFileReference; lastKnownFileType = folder.assetcatalog; path = "Preview Assets.xcassets"; sourceTree = "<group>"; };
		10C4322D2A50F81000E620DF /* Persistence.swift */ = {isa = PBXFileReference; lastKnownFileType = sourcecode.swift; path = Persistence.swift; sourceTree = "<group>"; };
		10C432302A50F81000E620DF /* Astro.xcdatamodel */ = {isa = PBXFileReference; lastKnownFileType = wrapper.xcdatamodel; path = Astro.xcdatamodel; sourceTree = "<group>"; };
		10C432322A50F81000E620DF /* Astro.entitlements */ = {isa = PBXFileReference; lastKnownFileType = text.plist.entitlements; path = Astro.entitlements; sourceTree = "<group>"; };
		10C432372A50F81000E620DF /* AstroTests.xctest */ = {isa = PBXFileReference; explicitFileType = wrapper.cfbundle; includeInIndex = 0; path = AstroTests.xctest; sourceTree = BUILT_PRODUCTS_DIR; };
		10C432412A50F81000E620DF /* AstroUITests.xctest */ = {isa = PBXFileReference; explicitFileType = wrapper.cfbundle; includeInIndex = 0; path = AstroUITests.xctest; sourceTree = BUILT_PRODUCTS_DIR; };
		10C432452A50F81000E620DF /* AstroUITests.swift */ = {isa = PBXFileReference; lastKnownFileType = sourcecode.swift; path = AstroUITests.swift; sourceTree = "<group>"; };
		10C432472A50F81000E620DF /* AstroUITestsLaunchTests.swift */ = {isa = PBXFileReference; lastKnownFileType = sourcecode.swift; path = AstroUITestsLaunchTests.swift; sourceTree = "<group>"; };
		10CC0D6F2A58EDB1006B7A62 /* FITSFileTests.swift */ = {isa = PBXFileReference; lastKnownFileType = sourcecode.swift; path = FITSFileTests.swift; sourceTree = "<group>"; };
		10E81F462A5104C300846852 /* FileView.swift */ = {isa = PBXFileReference; lastKnownFileType = sourcecode.swift; path = FileView.swift; sourceTree = "<group>"; };
		10E81F492A5108A000846852 /* File+PreviewProvider.swift */ = {isa = PBXFileReference; lastKnownFileType = sourcecode.swift; path = "File+PreviewProvider.swift"; sourceTree = "<group>"; };
/* End PBXFileReference section */

/* Begin PBXFrameworksBuildPhase section */
		10C4321E2A50F80F00E620DF /* Frameworks */ = {
			isa = PBXFrameworksBuildPhase;
			buildActionMask = 2147483647;
			files = (
			);
			runOnlyForDeploymentPostprocessing = 0;
		};
		10C432342A50F81000E620DF /* Frameworks */ = {
			isa = PBXFrameworksBuildPhase;
			buildActionMask = 2147483647;
			files = (
			);
			runOnlyForDeploymentPostprocessing = 0;
		};
		10C4323E2A50F81000E620DF /* Frameworks */ = {
			isa = PBXFrameworksBuildPhase;
			buildActionMask = 2147483647;
			files = (
			);
			runOnlyForDeploymentPostprocessing = 0;
		};
/* End PBXFrameworksBuildPhase section */

/* Begin PBXGroup section */
		10B5CC702A55801100A36387 /* FITS */ = {
			isa = PBXGroup;
			children = (
				10B5CC712A55801E00A36387 /* FITSHeaderKeyword.swift */,
				108DD7E92A5AA57B002A7549 /* FITSCGImageInfo.swift */,
				108DD7ED2A5AA8F3002A7549 /* Date+FITS.swift */,
				109D2DC52A5AC47D0024BBBD /* FITSFile.swift */,
				109D2DC92A5AC5ED0024BBBD /* FileHandle+FITS.swift */,
				109D2DCD2A5ACA370024BBBD /* URL+FITS.swift */,
				103870982A5E246800064EF1 /* Date+Session.swift */,
			);
			path = FITS;
			sourceTree = "<group>";
		};
		10C432182A50F80F00E620DF = {
			isa = PBXGroup;
			children = (
				10B5CC702A55801100A36387 /* FITS */,
				10E81F482A51088800846852 /* Model */,
				10C432232A50F80F00E620DF /* Astro */,
				10C4323A2A50F81000E620DF /* AstroTests */,
				10C432442A50F81000E620DF /* AstroUITests */,
				10C432222A50F80F00E620DF /* Products */,
			);
			sourceTree = "<group>";
		};
		10C432222A50F80F00E620DF /* Products */ = {
			isa = PBXGroup;
			children = (
				10C432212A50F80F00E620DF /* Astro.app */,
				10C432372A50F81000E620DF /* AstroTests.xctest */,
				10C432412A50F81000E620DF /* AstroUITests.xctest */,
			);
			name = Products;
			sourceTree = "<group>";
		};
		10C432232A50F80F00E620DF /* Astro */ = {
			isa = PBXGroup;
			children = (
				10C432242A50F80F00E620DF /* AstroApp.swift */,
				10C432262A50F80F00E620DF /* ContentView.swift */,
				10C432282A50F81000E620DF /* Assets.xcassets */,
				10C4322D2A50F81000E620DF /* Persistence.swift */,
				10C432322A50F81000E620DF /* Astro.entitlements */,
				10C4322F2A50F81000E620DF /* Astro.xcdatamodeld */,
				10C4322A2A50F81000E620DF /* Preview Content */,
				10E81F462A5104C300846852 /* FileView.swift */,
			);
			path = Astro;
			sourceTree = "<group>";
		};
		10C4322A2A50F81000E620DF /* Preview Content */ = {
			isa = PBXGroup;
			children = (
				10C4322B2A50F81000E620DF /* Preview Assets.xcassets */,
			);
			path = "Preview Content";
			sourceTree = "<group>";
		};
		10C4323A2A50F81000E620DF /* AstroTests */ = {
			isa = PBXGroup;
			children = (
				101B308E2A5912430094DDCF /* Astro.xctestplan */,
				10C164B92A590B2C002BBCCD /* AstroTests.swift */,
				10CC0D6F2A58EDB1006B7A62 /* FITSFileTests.swift */,
				109D2DC72A5AC5430024BBBD /* FITSHeaderKeywordTests.swift */,
				108DD7EB2A5AA59A002A7549 /* FITSCGImageInfoTests.swift */,
				108DD7EF2A5AA907002A7549 /* Date+FITSTests.swift */,
				109D2DCF2A5ACAD00024BBBD /* URL+FITSTests.swift */,
				1038709A2A5E24F200064EF1 /* Date+SessionTests.swift */,
			);
			path = AstroTests;
			sourceTree = "<group>";
		};
		10C432442A50F81000E620DF /* AstroUITests */ = {
			isa = PBXGroup;
			children = (
				10C432452A50F81000E620DF /* AstroUITests.swift */,
				10C432472A50F81000E620DF /* AstroUITestsLaunchTests.swift */,
			);
			path = AstroUITests;
			sourceTree = "<group>";
		};
		10E81F482A51088800846852 /* Model */ = {
			isa = PBXGroup;
			children = (
				10E81F492A5108A000846852 /* File+PreviewProvider.swift */,
			);
			path = Model;
			sourceTree = "<group>";
		};
/* End PBXGroup section */

/* Begin PBXNativeTarget section */
		10C432202A50F80F00E620DF /* Astro */ = {
			isa = PBXNativeTarget;
			buildConfigurationList = 10C4324B2A50F81000E620DF /* Build configuration list for PBXNativeTarget "Astro" */;
			buildPhases = (
				10C4321D2A50F80F00E620DF /* Sources */,
				10C4321E2A50F80F00E620DF /* Frameworks */,
				10C4321F2A50F80F00E620DF /* Resources */,
			);
			buildRules = (
			);
			dependencies = (
			);
			name = Astro;
			productName = Astro;
			productReference = 10C432212A50F80F00E620DF /* Astro.app */;
			productType = "com.apple.product-type.application";
		};
		10C432362A50F81000E620DF /* AstroTests */ = {
			isa = PBXNativeTarget;
			buildConfigurationList = 10C4324E2A50F81000E620DF /* Build configuration list for PBXNativeTarget "AstroTests" */;
			buildPhases = (
				10C432332A50F81000E620DF /* Sources */,
				10C432342A50F81000E620DF /* Frameworks */,
				10C432352A50F81000E620DF /* Resources */,
			);
			buildRules = (
			);
			dependencies = (
				10C432392A50F81000E620DF /* PBXTargetDependency */,
			);
			name = AstroTests;
			productName = AstroTests;
			productReference = 10C432372A50F81000E620DF /* AstroTests.xctest */;
			productType = "com.apple.product-type.bundle.unit-test";
		};
		10C432402A50F81000E620DF /* AstroUITests */ = {
			isa = PBXNativeTarget;
			buildConfigurationList = 10C432512A50F81000E620DF /* Build configuration list for PBXNativeTarget "AstroUITests" */;
			buildPhases = (
				10C4323D2A50F81000E620DF /* Sources */,
				10C4323E2A50F81000E620DF /* Frameworks */,
				10C4323F2A50F81000E620DF /* Resources */,
			);
			buildRules = (
			);
			dependencies = (
				10C432432A50F81000E620DF /* PBXTargetDependency */,
			);
			name = AstroUITests;
			productName = AstroUITests;
			productReference = 10C432412A50F81000E620DF /* AstroUITests.xctest */;
			productType = "com.apple.product-type.bundle.ui-testing";
		};
/* End PBXNativeTarget section */

/* Begin PBXProject section */
		10C432192A50F80F00E620DF /* Project object */ = {
			isa = PBXProject;
			attributes = {
				BuildIndependentTargetsInParallel = 1;
				LastSwiftUpdateCheck = 1430;
				LastUpgradeCheck = 1430;
				TargetAttributes = {
					10C432202A50F80F00E620DF = {
						CreatedOnToolsVersion = 14.3.1;
					};
					10C432362A50F81000E620DF = {
						CreatedOnToolsVersion = 14.3.1;
						TestTargetID = 10C432202A50F80F00E620DF;
					};
					10C432402A50F81000E620DF = {
						CreatedOnToolsVersion = 14.3.1;
						TestTargetID = 10C432202A50F80F00E620DF;
					};
				};
			};
			buildConfigurationList = 10C4321C2A50F80F00E620DF /* Build configuration list for PBXProject "Astro" */;
			compatibilityVersion = "Xcode 14.0";
			developmentRegion = en;
			hasScannedForEncodings = 0;
			knownRegions = (
				en,
				Base,
			);
			mainGroup = 10C432182A50F80F00E620DF;
			productRefGroup = 10C432222A50F80F00E620DF /* Products */;
			projectDirPath = "";
			projectRoot = "";
			targets = (
				10C432202A50F80F00E620DF /* Astro */,
				10C432362A50F81000E620DF /* AstroTests */,
				10C432402A50F81000E620DF /* AstroUITests */,
			);
		};
/* End PBXProject section */

/* Begin PBXResourcesBuildPhase section */
		10C4321F2A50F80F00E620DF /* Resources */ = {
			isa = PBXResourcesBuildPhase;
			buildActionMask = 2147483647;
			files = (
				10C4322C2A50F81000E620DF /* Preview Assets.xcassets in Resources */,
				10C432292A50F81000E620DF /* Assets.xcassets in Resources */,
			);
			runOnlyForDeploymentPostprocessing = 0;
		};
		10C432352A50F81000E620DF /* Resources */ = {
			isa = PBXResourcesBuildPhase;
			buildActionMask = 2147483647;
			files = (
			);
			runOnlyForDeploymentPostprocessing = 0;
		};
		10C4323F2A50F81000E620DF /* Resources */ = {
			isa = PBXResourcesBuildPhase;
			buildActionMask = 2147483647;
			files = (
			);
			runOnlyForDeploymentPostprocessing = 0;
		};
/* End PBXResourcesBuildPhase section */

/* Begin PBXSourcesBuildPhase section */
		10C4321D2A50F80F00E620DF /* Sources */ = {
			isa = PBXSourcesBuildPhase;
			buildActionMask = 2147483647;
			files = (
				10C4322E2A50F81000E620DF /* Persistence.swift in Sources */,
				109D2DCE2A5ACA370024BBBD /* URL+FITS.swift in Sources */,
				10E81F4A2A5108A000846852 /* File+PreviewProvider.swift in Sources */,
				10C432272A50F80F00E620DF /* ContentView.swift in Sources */,
				109D2DC62A5AC47D0024BBBD /* FITSFile.swift in Sources */,
				10C432252A50F80F00E620DF /* AstroApp.swift in Sources */,
				10B5CC722A55801E00A36387 /* FITSHeaderKeyword.swift in Sources */,
				10E81F472A5104C300846852 /* FileView.swift in Sources */,
				10C432312A50F81000E620DF /* Astro.xcdatamodeld in Sources */,
				109D2DCA2A5AC5ED0024BBBD /* FileHandle+FITS.swift in Sources */,
				108DD7EE2A5AA8F3002A7549 /* Date+FITS.swift in Sources */,
				103870992A5E246800064EF1 /* Date+Session.swift in Sources */,
				108DD7EA2A5AA57B002A7549 /* FITSCGImageInfo.swift in Sources */,
			);
			runOnlyForDeploymentPostprocessing = 0;
		};
		10C432332A50F81000E620DF /* Sources */ = {
			isa = PBXSourcesBuildPhase;
			buildActionMask = 2147483647;
			files = (
				108DD7EC2A5AA59A002A7549 /* FITSCGImageInfoTests.swift in Sources */,
				108DD7F02A5AA907002A7549 /* Date+FITSTests.swift in Sources */,
				10CC0D702A58EDB1006B7A62 /* FITSFileTests.swift in Sources */,
				109D2DD02A5ACAD00024BBBD /* URL+FITSTests.swift in Sources */,
				1038709B2A5E24F200064EF1 /* Date+SessionTests.swift in Sources */,
				109D2DC82A5AC5430024BBBD /* FITSHeaderKeywordTests.swift in Sources */,
				10C164BA2A590B2C002BBCCD /* AstroTests.swift in Sources */,
			);
			runOnlyForDeploymentPostprocessing = 0;
		};
		10C4323D2A50F81000E620DF /* Sources */ = {
			isa = PBXSourcesBuildPhase;
			buildActionMask = 2147483647;
			files = (
				10C432482A50F81000E620DF /* AstroUITestsLaunchTests.swift in Sources */,
				10C432462A50F81000E620DF /* AstroUITests.swift in Sources */,
			);
			runOnlyForDeploymentPostprocessing = 0;
		};
/* End PBXSourcesBuildPhase section */

/* Begin PBXTargetDependency section */
		10C432392A50F81000E620DF /* PBXTargetDependency */ = {
			isa = PBXTargetDependency;
			target = 10C432202A50F80F00E620DF /* Astro */;
			targetProxy = 10C432382A50F81000E620DF /* PBXContainerItemProxy */;
		};
		10C432432A50F81000E620DF /* PBXTargetDependency */ = {
			isa = PBXTargetDependency;
			target = 10C432202A50F80F00E620DF /* Astro */;
			targetProxy = 10C432422A50F81000E620DF /* PBXContainerItemProxy */;
		};
/* End PBXTargetDependency section */

/* Begin XCBuildConfiguration section */
		10C432492A50F81000E620DF /* Debug */ = {
			isa = XCBuildConfiguration;
			buildSettings = {
				ALWAYS_SEARCH_USER_PATHS = NO;
				CLANG_ANALYZER_NONNULL = YES;
				CLANG_ANALYZER_NUMBER_OBJECT_CONVERSION = YES_AGGRESSIVE;
				CLANG_CXX_LANGUAGE_STANDARD = "gnu++20";
				CLANG_ENABLE_MODULES = YES;
				CLANG_ENABLE_OBJC_ARC = YES;
				CLANG_ENABLE_OBJC_WEAK = YES;
				CLANG_WARN_BLOCK_CAPTURE_AUTORELEASING = YES;
				CLANG_WARN_BOOL_CONVERSION = YES;
				CLANG_WARN_COMMA = YES;
				CLANG_WARN_CONSTANT_CONVERSION = YES;
				CLANG_WARN_DEPRECATED_OBJC_IMPLEMENTATIONS = YES;
				CLANG_WARN_DIRECT_OBJC_ISA_USAGE = YES_ERROR;
				CLANG_WARN_DOCUMENTATION_COMMENTS = YES;
				CLANG_WARN_EMPTY_BODY = YES;
				CLANG_WARN_ENUM_CONVERSION = YES;
				CLANG_WARN_INFINITE_RECURSION = YES;
				CLANG_WARN_INT_CONVERSION = YES;
				CLANG_WARN_NON_LITERAL_NULL_CONVERSION = YES;
				CLANG_WARN_OBJC_IMPLICIT_RETAIN_SELF = YES;
				CLANG_WARN_OBJC_LITERAL_CONVERSION = YES;
				CLANG_WARN_OBJC_ROOT_CLASS = YES_ERROR;
				CLANG_WARN_QUOTED_INCLUDE_IN_FRAMEWORK_HEADER = YES;
				CLANG_WARN_RANGE_LOOP_ANALYSIS = YES;
				CLANG_WARN_STRICT_PROTOTYPES = YES;
				CLANG_WARN_SUSPICIOUS_MOVE = YES;
				CLANG_WARN_UNGUARDED_AVAILABILITY = YES_AGGRESSIVE;
				CLANG_WARN_UNREACHABLE_CODE = YES;
				CLANG_WARN__DUPLICATE_METHOD_MATCH = YES;
				COPY_PHASE_STRIP = NO;
				DEBUG_INFORMATION_FORMAT = dwarf;
				ENABLE_STRICT_OBJC_MSGSEND = YES;
				ENABLE_TESTABILITY = YES;
				GCC_C_LANGUAGE_STANDARD = gnu11;
				GCC_DYNAMIC_NO_PIC = NO;
				GCC_NO_COMMON_BLOCKS = YES;
				GCC_OPTIMIZATION_LEVEL = 0;
				GCC_PREPROCESSOR_DEFINITIONS = (
					"DEBUG=1",
					"$(inherited)",
				);
				GCC_WARN_64_TO_32_BIT_CONVERSION = YES;
				GCC_WARN_ABOUT_RETURN_TYPE = YES_ERROR;
				GCC_WARN_UNDECLARED_SELECTOR = YES;
				GCC_WARN_UNINITIALIZED_AUTOS = YES_AGGRESSIVE;
				GCC_WARN_UNUSED_FUNCTION = YES;
				GCC_WARN_UNUSED_VARIABLE = YES;
				MACOSX_DEPLOYMENT_TARGET = 13.3;
				MTL_ENABLE_DEBUG_INFO = INCLUDE_SOURCE;
				MTL_FAST_MATH = YES;
				ONLY_ACTIVE_ARCH = YES;
				SDKROOT = macosx;
				SWIFT_ACTIVE_COMPILATION_CONDITIONS = DEBUG;
				SWIFT_OPTIMIZATION_LEVEL = "-Onone";
			};
			name = Debug;
		};
		10C4324A2A50F81000E620DF /* Release */ = {
			isa = XCBuildConfiguration;
			buildSettings = {
				ALWAYS_SEARCH_USER_PATHS = NO;
				CLANG_ANALYZER_NONNULL = YES;
				CLANG_ANALYZER_NUMBER_OBJECT_CONVERSION = YES_AGGRESSIVE;
				CLANG_CXX_LANGUAGE_STANDARD = "gnu++20";
				CLANG_ENABLE_MODULES = YES;
				CLANG_ENABLE_OBJC_ARC = YES;
				CLANG_ENABLE_OBJC_WEAK = YES;
				CLANG_WARN_BLOCK_CAPTURE_AUTORELEASING = YES;
				CLANG_WARN_BOOL_CONVERSION = YES;
				CLANG_WARN_COMMA = YES;
				CLANG_WARN_CONSTANT_CONVERSION = YES;
				CLANG_WARN_DEPRECATED_OBJC_IMPLEMENTATIONS = YES;
				CLANG_WARN_DIRECT_OBJC_ISA_USAGE = YES_ERROR;
				CLANG_WARN_DOCUMENTATION_COMMENTS = YES;
				CLANG_WARN_EMPTY_BODY = YES;
				CLANG_WARN_ENUM_CONVERSION = YES;
				CLANG_WARN_INFINITE_RECURSION = YES;
				CLANG_WARN_INT_CONVERSION = YES;
				CLANG_WARN_NON_LITERAL_NULL_CONVERSION = YES;
				CLANG_WARN_OBJC_IMPLICIT_RETAIN_SELF = YES;
				CLANG_WARN_OBJC_LITERAL_CONVERSION = YES;
				CLANG_WARN_OBJC_ROOT_CLASS = YES_ERROR;
				CLANG_WARN_QUOTED_INCLUDE_IN_FRAMEWORK_HEADER = YES;
				CLANG_WARN_RANGE_LOOP_ANALYSIS = YES;
				CLANG_WARN_STRICT_PROTOTYPES = YES;
				CLANG_WARN_SUSPICIOUS_MOVE = YES;
				CLANG_WARN_UNGUARDED_AVAILABILITY = YES_AGGRESSIVE;
				CLANG_WARN_UNREACHABLE_CODE = YES;
				CLANG_WARN__DUPLICATE_METHOD_MATCH = YES;
				COPY_PHASE_STRIP = NO;
				DEBUG_INFORMATION_FORMAT = "dwarf-with-dsym";
				ENABLE_NS_ASSERTIONS = NO;
				ENABLE_STRICT_OBJC_MSGSEND = YES;
				GCC_C_LANGUAGE_STANDARD = gnu11;
				GCC_NO_COMMON_BLOCKS = YES;
				GCC_WARN_64_TO_32_BIT_CONVERSION = YES;
				GCC_WARN_ABOUT_RETURN_TYPE = YES_ERROR;
				GCC_WARN_UNDECLARED_SELECTOR = YES;
				GCC_WARN_UNINITIALIZED_AUTOS = YES_AGGRESSIVE;
				GCC_WARN_UNUSED_FUNCTION = YES;
				GCC_WARN_UNUSED_VARIABLE = YES;
				MACOSX_DEPLOYMENT_TARGET = 13.3;
				MTL_ENABLE_DEBUG_INFO = NO;
				MTL_FAST_MATH = YES;
				SDKROOT = macosx;
				SWIFT_COMPILATION_MODE = wholemodule;
				SWIFT_OPTIMIZATION_LEVEL = "-O";
			};
			name = Release;
		};
		10C4324C2A50F81000E620DF /* Debug */ = {
			isa = XCBuildConfiguration;
			buildSettings = {
				ASSETCATALOG_COMPILER_APPICON_NAME = AppIcon;
				ASSETCATALOG_COMPILER_GLOBAL_ACCENT_COLOR_NAME = AccentColor;
				CODE_SIGN_ENTITLEMENTS = Astro/Astro.entitlements;
				CODE_SIGN_STYLE = Automatic;
				COMBINE_HIDPI_IMAGES = YES;
				CURRENT_PROJECT_VERSION = 1;
				DEVELOPMENT_ASSET_PATHS = "\"Astro/Preview Content\"";
				DEVELOPMENT_TEAM = L2FNT8KD94;
				ENABLE_HARDENED_RUNTIME = YES;
				ENABLE_PREVIEWS = YES;
				GENERATE_INFOPLIST_FILE = YES;
				INFOPLIST_KEY_NSHumanReadableCopyright = "";
				LD_RUNPATH_SEARCH_PATHS = (
					"$(inherited)",
					"@executable_path/../Frameworks",
				);
				MARKETING_VERSION = 1.0;
				PRODUCT_BUNDLE_IDENTIFIER = com.jdotw.Astro;
				PRODUCT_NAME = "$(TARGET_NAME)";
				SWIFT_EMIT_LOC_STRINGS = YES;
				SWIFT_VERSION = 5.0;
			};
			name = Debug;
		};
		10C4324D2A50F81000E620DF /* Release */ = {
			isa = XCBuildConfiguration;
			buildSettings = {
				ASSETCATALOG_COMPILER_APPICON_NAME = AppIcon;
				ASSETCATALOG_COMPILER_GLOBAL_ACCENT_COLOR_NAME = AccentColor;
				CODE_SIGN_ENTITLEMENTS = Astro/Astro.entitlements;
				CODE_SIGN_STYLE = Automatic;
				COMBINE_HIDPI_IMAGES = YES;
				CURRENT_PROJECT_VERSION = 1;
				DEVELOPMENT_ASSET_PATHS = "\"Astro/Preview Content\"";
				DEVELOPMENT_TEAM = L2FNT8KD94;
				ENABLE_HARDENED_RUNTIME = YES;
				ENABLE_PREVIEWS = YES;
				GENERATE_INFOPLIST_FILE = YES;
				INFOPLIST_KEY_NSHumanReadableCopyright = "";
				LD_RUNPATH_SEARCH_PATHS = (
					"$(inherited)",
					"@executable_path/../Frameworks",
				);
				MARKETING_VERSION = 1.0;
				PRODUCT_BUNDLE_IDENTIFIER = com.jdotw.Astro;
				PRODUCT_NAME = "$(TARGET_NAME)";
				SWIFT_EMIT_LOC_STRINGS = YES;
				SWIFT_VERSION = 5.0;
			};
			name = Release;
		};
		10C4324F2A50F81000E620DF /* Debug */ = {
			isa = XCBuildConfiguration;
			buildSettings = {
				ALWAYS_EMBED_SWIFT_STANDARD_LIBRARIES = YES;
				BUNDLE_LOADER = "$(TEST_HOST)";
				CODE_SIGN_STYLE = Automatic;
				CURRENT_PROJECT_VERSION = 1;
				DEVELOPMENT_TEAM = L2FNT8KD94;
				GENERATE_INFOPLIST_FILE = YES;
				MACOSX_DEPLOYMENT_TARGET = 13.3;
				MARKETING_VERSION = 1.0;
				PRODUCT_BUNDLE_IDENTIFIER = com.jdotw.AstroTests;
				PRODUCT_NAME = "$(TARGET_NAME)";
				SWIFT_EMIT_LOC_STRINGS = NO;
				SWIFT_VERSION = 5.0;
				TEST_HOST = "$(BUILT_PRODUCTS_DIR)/Astro.app/$(BUNDLE_EXECUTABLE_FOLDER_PATH)/Astro";
			};
			name = Debug;
		};
		10C432502A50F81000E620DF /* Release */ = {
			isa = XCBuildConfiguration;
			buildSettings = {
				ALWAYS_EMBED_SWIFT_STANDARD_LIBRARIES = YES;
				BUNDLE_LOADER = "$(TEST_HOST)";
				CODE_SIGN_STYLE = Automatic;
				CURRENT_PROJECT_VERSION = 1;
				DEVELOPMENT_TEAM = L2FNT8KD94;
				GENERATE_INFOPLIST_FILE = YES;
				MACOSX_DEPLOYMENT_TARGET = 13.3;
				MARKETING_VERSION = 1.0;
				PRODUCT_BUNDLE_IDENTIFIER = com.jdotw.AstroTests;
				PRODUCT_NAME = "$(TARGET_NAME)";
				SWIFT_EMIT_LOC_STRINGS = NO;
				SWIFT_VERSION = 5.0;
				TEST_HOST = "$(BUILT_PRODUCTS_DIR)/Astro.app/$(BUNDLE_EXECUTABLE_FOLDER_PATH)/Astro";
			};
			name = Release;
		};
		10C432522A50F81000E620DF /* Debug */ = {
			isa = XCBuildConfiguration;
			buildSettings = {
				ALWAYS_EMBED_SWIFT_STANDARD_LIBRARIES = YES;
				CODE_SIGN_STYLE = Automatic;
				CURRENT_PROJECT_VERSION = 1;
				DEVELOPMENT_TEAM = L2FNT8KD94;
				GENERATE_INFOPLIST_FILE = YES;
				MARKETING_VERSION = 1.0;
				PRODUCT_BUNDLE_IDENTIFIER = com.jdotw.AstroUITests;
				PRODUCT_NAME = "$(TARGET_NAME)";
				SWIFT_EMIT_LOC_STRINGS = NO;
				SWIFT_VERSION = 5.0;
				TEST_TARGET_NAME = Astro;
			};
			name = Debug;
		};
		10C432532A50F81000E620DF /* Release */ = {
			isa = XCBuildConfiguration;
			buildSettings = {
				ALWAYS_EMBED_SWIFT_STANDARD_LIBRARIES = YES;
				CODE_SIGN_STYLE = Automatic;
				CURRENT_PROJECT_VERSION = 1;
				DEVELOPMENT_TEAM = L2FNT8KD94;
				GENERATE_INFOPLIST_FILE = YES;
				MARKETING_VERSION = 1.0;
				PRODUCT_BUNDLE_IDENTIFIER = com.jdotw.AstroUITests;
				PRODUCT_NAME = "$(TARGET_NAME)";
				SWIFT_EMIT_LOC_STRINGS = NO;
				SWIFT_VERSION = 5.0;
				TEST_TARGET_NAME = Astro;
			};
			name = Release;
		};
/* End XCBuildConfiguration section */

/* Begin XCConfigurationList section */
		10C4321C2A50F80F00E620DF /* Build configuration list for PBXProject "Astro" */ = {
			isa = XCConfigurationList;
			buildConfigurations = (
				10C432492A50F81000E620DF /* Debug */,
				10C4324A2A50F81000E620DF /* Release */,
			);
			defaultConfigurationIsVisible = 0;
			defaultConfigurationName = Release;
		};
		10C4324B2A50F81000E620DF /* Build configuration list for PBXNativeTarget "Astro" */ = {
			isa = XCConfigurationList;
			buildConfigurations = (
				10C4324C2A50F81000E620DF /* Debug */,
				10C4324D2A50F81000E620DF /* Release */,
			);
			defaultConfigurationIsVisible = 0;
			defaultConfigurationName = Release;
		};
		10C4324E2A50F81000E620DF /* Build configuration list for PBXNativeTarget "AstroTests" */ = {
			isa = XCConfigurationList;
			buildConfigurations = (
				10C4324F2A50F81000E620DF /* Debug */,
				10C432502A50F81000E620DF /* Release */,
			);
			defaultConfigurationIsVisible = 0;
			defaultConfigurationName = Release;
		};
		10C432512A50F81000E620DF /* Build configuration list for PBXNativeTarget "AstroUITests" */ = {
			isa = XCConfigurationList;
			buildConfigurations = (
				10C432522A50F81000E620DF /* Debug */,
				10C432532A50F81000E620DF /* Release */,
			);
			defaultConfigurationIsVisible = 0;
			defaultConfigurationName = Release;
		};
/* End XCConfigurationList section */

/* Begin XCVersionGroup section */
		10C4322F2A50F81000E620DF /* Astro.xcdatamodeld */ = {
			isa = XCVersionGroup;
			children = (
				10C432302A50F81000E620DF /* Astro.xcdatamodel */,
			);
			currentVersion = 10C432302A50F81000E620DF /* Astro.xcdatamodel */;
			path = Astro.xcdatamodeld;
			sourceTree = "<group>";
			versionGroupType = wrapper.xcdatamodel;
		};
/* End XCVersionGroup section */
	};
	rootObject = 10C432192A50F80F00E620DF /* Project object */;
}
